<?xml version="1.0" encoding="utf-8"?>
<Project ToolsVersion="4.0" xmlns="http://schemas.microsoft.com/developer/msbuild/2003">
  <ItemGroup>
    <Filter Include="lib">
      <UniqueIdentifier>{926003ad-16f1-4a85-b78d-8e0149ebe23c}</UniqueIdentifier>
    </Filter>
    <Filter Include="lib\vauth">
      <UniqueIdentifier>{bf9988a1-ded1-49cf-a3e3-d60706288c02}</UniqueIdentifier>
    </Filter>
    <Filter Include="lib\vquic">
      <UniqueIdentifier>{200eb53f-3d39-4b30-a87b-ccd13287c94a}</UniqueIdentifier>
    </Filter>
    <Filter Include="lib\vssh">
      <UniqueIdentifier>{a9991140-0d7e-4b83-8bc9-c01c4d21c55b}</UniqueIdentifier>
    </Filter>
    <Filter Include="lib\vtls">
      <UniqueIdentifier>{0f9b42c7-7380-434e-bdfb-a51780b7b5f6}</UniqueIdentifier>
    </Filter>
  </ItemGroup>
  <ItemGroup>
    <None Include="..\lib\libcurl.vers.in">
      <Filter>lib</Filter>
    </None>
  </ItemGroup>
  <ItemGroup>
    <ClInclude Include="..\lib\x509asn1.h">
      <Filter>lib</Filter>
    </ClInclude>
    <ClInclude Include="..\lib\wildcard.h">
      <Filter>lib</Filter>
    </ClInclude>
    <ClInclude Include="..\lib\warnless.h">
      <Filter>lib</Filter>
    </ClInclude>
    <ClInclude Include="..\lib\version_win32.h">
      <Filter>lib</Filter>
    </ClInclude>
    <ClInclude Include="..\lib\urldata.h">
      <Filter>lib</Filter>
    </ClInclude>
    <ClInclude Include="..\lib\urlapi-int.h">
      <Filter>lib</Filter>
    </ClInclude>
    <ClInclude Include="..\lib\url.h">
      <Filter>lib</Filter>
    </ClInclude>
    <ClInclude Include="..\lib\transfer.h">
      <Filter>lib</Filter>
    </ClInclude>
    <ClInclude Include="..\lib\timeval.h">
      <Filter>lib</Filter>
    </ClInclude>
    <ClInclude Include="..\lib\tftp.h">
      <Filter>lib</Filter>
    </ClInclude>
    <ClInclude Include="..\lib\telnet.h">
      <Filter>lib</Filter>
    </ClInclude>
    <ClInclude Include="..\lib\system_win32.h">
      <Filter>lib</Filter>
    </ClInclude>
    <ClInclude Include="..\lib\system_durango.h">
      <Filter>lib</Filter>
    </ClInclude>
    <ClInclude Include="..\lib\strtoofft.h">
      <Filter>lib</Filter>
    </ClInclude>
    <ClInclude Include="..\lib\strtok.h">
      <Filter>lib</Filter>
    </ClInclude>
    <ClInclude Include="..\lib\strerror.h">
      <Filter>lib</Filter>
    </ClInclude>
    <ClInclude Include="..\lib\strdup.h">
      <Filter>lib</Filter>
    </ClInclude>
    <ClInclude Include="..\lib\strcase.h">
      <Filter>lib</Filter>
    </ClInclude>
    <ClInclude Include="..\lib\splay.h">
      <Filter>lib</Filter>
    </ClInclude>
    <ClInclude Include="..\lib\speedcheck.h">
      <Filter>lib</Filter>
    </ClInclude>
    <ClInclude Include="..\lib\socks.h">
      <Filter>lib</Filter>
    </ClInclude>
    <ClInclude Include="..\lib\socketpair.h">
      <Filter>lib</Filter>
    </ClInclude>
    <ClInclude Include="..\lib\sockaddr.h">
      <Filter>lib</Filter>
    </ClInclude>
    <ClInclude Include="..\lib\smtp.h">
      <Filter>lib</Filter>
    </ClInclude>
    <ClInclude Include="..\lib\smb.h">
      <Filter>lib</Filter>
    </ClInclude>
    <ClInclude Include="..\lib\slist.h">
      <Filter>lib</Filter>
    </ClInclude>
    <ClInclude Include="..\lib\sigpipe.h">
      <Filter>lib</Filter>
    </ClInclude>
    <ClInclude Include="..\lib\share.h">
      <Filter>lib</Filter>
    </ClInclude>
    <ClInclude Include="..\lib\setup-win32.h">
      <Filter>lib</Filter>
    </ClInclude>
    <ClInclude Include="..\lib\setup-vms.h">
      <Filter>lib</Filter>
    </ClInclude>
    <ClInclude Include="..\lib\setup-os400.h">
      <Filter>lib</Filter>
    </ClInclude>
    <ClInclude Include="..\lib\setup-durango.h">
      <Filter>lib</Filter>
    </ClInclude>
    <ClInclude Include="..\lib\setopt.h">
      <Filter>lib</Filter>
    </ClInclude>
    <ClInclude Include="..\lib\sendf.h">
      <Filter>lib</Filter>
    </ClInclude>
    <ClInclude Include="..\lib\select.h">
      <Filter>lib</Filter>
    </ClInclude>
    <ClInclude Include="..\lib\rtsp.h">
      <Filter>lib</Filter>
    </ClInclude>
    <ClInclude Include="..\lib\rename.h">
      <Filter>lib</Filter>
    </ClInclude>
    <ClInclude Include="..\lib\rand.h">
      <Filter>lib</Filter>
    </ClInclude>
    <ClInclude Include="..\lib\quic.h">
      <Filter>lib</Filter>
    </ClInclude>
    <ClInclude Include="..\lib\psl.h">
      <Filter>lib</Filter>
    </ClInclude>
    <ClInclude Include="..\lib\progress.h">
      <Filter>lib</Filter>
    </ClInclude>
    <ClInclude Include="..\lib\pop3.h">
      <Filter>lib</Filter>
    </ClInclude>
    <ClInclude Include="..\lib\pingpong.h">
      <Filter>lib</Filter>
    </ClInclude>
    <ClInclude Include="..\lib\parsedate.h">
      <Filter>lib</Filter>
    </ClInclude>
    <ClInclude Include="..\lib\nonblock.h">
      <Filter>lib</Filter>
    </ClInclude>
    <ClInclude Include="..\lib\non-ascii.h">
      <Filter>lib</Filter>
    </ClInclude>
    <ClInclude Include="..\lib\netrc.h">
      <Filter>lib</Filter>
    </ClInclude>
    <ClInclude Include="..\lib\multiif.h">
      <Filter>lib</Filter>
    </ClInclude>
    <ClInclude Include="..\lib\multihandle.h">
      <Filter>lib</Filter>
    </ClInclude>
    <ClInclude Include="..\lib\mqtt.h">
      <Filter>lib</Filter>
    </ClInclude>
    <ClInclude Include="..\lib\mime.h">
      <Filter>lib</Filter>
    </ClInclude>
    <ClInclude Include="..\lib\memdebug.h">
      <Filter>lib</Filter>
    </ClInclude>
    <ClInclude Include="..\lib\llist.h">
      <Filter>lib</Filter>
    </ClInclude>
    <ClInclude Include="..\lib\inet_pton.h">
      <Filter>lib</Filter>
    </ClInclude>
    <ClInclude Include="..\lib\inet_ntop.h">
      <Filter>lib</Filter>
    </ClInclude>
    <ClInclude Include="..\lib\imap.h">
      <Filter>lib</Filter>
    </ClInclude>
    <ClInclude Include="..\lib\if2ip.h">
      <Filter>lib</Filter>
    </ClInclude>
    <ClInclude Include="..\lib\http2.h">
      <Filter>lib</Filter>
    </ClInclude>
    <ClInclude Include="..\lib\http_proxy.h">
      <Filter>lib</Filter>
    </ClInclude>
    <ClInclude Include="..\lib\http_ntlm.h">
      <Filter>lib</Filter>
    </ClInclude>
    <ClInclude Include="..\lib\http_negotiate.h">
      <Filter>lib</Filter>
    </ClInclude>
    <ClInclude Include="..\lib\http_digest.h">
      <Filter>lib</Filter>
    </ClInclude>
    <ClInclude Include="..\lib\http_chunks.h">
      <Filter>lib</Filter>
    </ClInclude>
    <ClInclude Include="..\lib\http.h">
      <Filter>lib</Filter>
    </ClInclude>
    <ClInclude Include="..\lib\hostip.h">
      <Filter>lib</Filter>
    </ClInclude>
    <ClInclude Include="..\lib\hostcheck.h">
      <Filter>lib</Filter>
    </ClInclude>
    <ClInclude Include="..\lib\hash.h">
      <Filter>lib</Filter>
    </ClInclude>
    <ClInclude Include="..\lib\gopher.h">
      <Filter>lib</Filter>
    </ClInclude>
    <ClInclude Include="..\lib\getinfo.h">
      <Filter>lib</Filter>
    </ClInclude>
    <ClInclude Include="..\lib\ftplistparser.h">
      <Filter>lib</Filter>
    </ClInclude>
    <ClInclude Include="..\lib\ftp.h">
      <Filter>lib</Filter>
    </ClInclude>
    <ClInclude Include="..\lib\formdata.h">
      <Filter>lib</Filter>
    </ClInclude>
    <ClInclude Include="..\lib\fileinfo.h">
      <Filter>lib</Filter>
    </ClInclude>
    <ClInclude Include="..\lib\file.h">
      <Filter>lib</Filter>
    </ClInclude>
    <ClInclude Include="..\lib\escape.h">
      <Filter>lib</Filter>
    </ClInclude>
    <ClInclude Include="..\lib\easyoptions.h">
      <Filter>lib</Filter>
    </ClInclude>
    <ClInclude Include="..\lib\easyif.h">
      <Filter>lib</Filter>
    </ClInclude>
    <ClInclude Include="..\lib\dynbuf.h">
      <Filter>lib</Filter>
    </ClInclude>
    <ClInclude Include="..\lib\dotdot.h">
      <Filter>lib</Filter>
    </ClInclude>
    <ClInclude Include="..\lib\doh.h">
      <Filter>lib</Filter>
    </ClInclude>
    <ClInclude Include="..\lib\dict.h">
      <Filter>lib</Filter>
    </ClInclude>
    <ClInclude Include="..\lib\curlx.h">
      <Filter>lib</Filter>
    </ClInclude>
    <ClInclude Include="..\lib\curl_threads.h">
      <Filter>lib</Filter>
    </ClInclude>
    <ClInclude Include="..\lib\curl_sspi.h">
      <Filter>lib</Filter>
    </ClInclude>
    <ClInclude Include="..\lib\curl_sha256.h">
      <Filter>lib</Filter>
    </ClInclude>
    <ClInclude Include="..\lib\curl_setup_once.h">
      <Filter>lib</Filter>
    </ClInclude>
    <ClInclude Include="..\lib\curl_setup.h">
      <Filter>lib</Filter>
    </ClInclude>
    <ClInclude Include="..\lib\curl_sasl.h">
      <Filter>lib</Filter>
    </ClInclude>
    <ClInclude Include="..\lib\curl_rtmp.h">
      <Filter>lib</Filter>
    </ClInclude>
    <ClInclude Include="..\lib\curl_range.h">
      <Filter>lib</Filter>
    </ClInclude>
    <ClInclude Include="..\lib\curl_printf.h">
      <Filter>lib</Filter>
    </ClInclude>
    <ClInclude Include="..\lib\curl_path.h">
      <Filter>lib</Filter>
    </ClInclude>
    <ClInclude Include="..\lib\curl_ntlm_wb.h">
      <Filter>lib</Filter>
    </ClInclude>
    <ClInclude Include="..\lib\curl_ntlm_core.h">
      <Filter>lib</Filter>
    </ClInclude>
    <ClInclude Include="..\lib\curl_multibyte.h">
      <Filter>lib</Filter>
    </ClInclude>
    <ClInclude Include="..\lib\curl_memrchr.h">
      <Filter>lib</Filter>
    </ClInclude>
    <ClInclude Include="..\lib\curl_memory.h">
      <Filter>lib</Filter>
    </ClInclude>
    <ClInclude Include="..\lib\curl_md5.h">
      <Filter>lib</Filter>
    </ClInclude>
    <ClInclude Include="..\lib\curl_md4.h">
      <Filter>lib</Filter>
    </ClInclude>
    <ClInclude Include="..\lib\curl_ldap.h">
      <Filter>lib</Filter>
    </ClInclude>
    <ClInclude Include="..\lib\curl_krb5.h">
      <Filter>lib</Filter>
    </ClInclude>
    <ClInclude Include="..\lib\curl_hmac.h">
      <Filter>lib</Filter>
    </ClInclude>
    <ClInclude Include="..\lib\curl_gssapi.h">
      <Filter>lib</Filter>
    </ClInclude>
    <ClInclude Include="..\lib\curl_gethostname.h">
      <Filter>lib</Filter>
    </ClInclude>
    <ClInclude Include="..\lib\curl_get_line.h">
      <Filter>lib</Filter>
    </ClInclude>
    <ClInclude Include="..\lib\curl_fnmatch.h">
      <Filter>lib</Filter>
    </ClInclude>
    <ClInclude Include="..\lib\curl_endian.h">
      <Filter>lib</Filter>
    </ClInclude>
    <ClInclude Include="..\lib\curl_des.h">
      <Filter>lib</Filter>
    </ClInclude>
    <ClInclude Include="..\lib\curl_ctype.h">
      <Filter>lib</Filter>
    </ClInclude>
    <ClInclude Include="..\lib\curl_base64.h">
      <Filter>lib</Filter>
    </ClInclude>
    <ClInclude Include="..\lib\curl_addrinfo.h">
      <Filter>lib</Filter>
    </ClInclude>
    <ClInclude Include="..\lib\cookie.h">
      <Filter>lib</Filter>
    </ClInclude>
    <ClInclude Include="..\lib\content_encoding.h">
      <Filter>lib</Filter>
    </ClInclude>
    <ClInclude Include="..\lib\connect.h">
      <Filter>lib</Filter>
    </ClInclude>
    <ClInclude Include="..\lib\conncache.h">
      <Filter>lib</Filter>
    </ClInclude>
    <ClInclude Include="..\lib\config-win32ce.h">
      <Filter>lib</Filter>
    </ClInclude>
    <ClInclude Include="..\lib\config-win32.h">
      <Filter>lib</Filter>
    </ClInclude>
    <ClInclude Include="..\lib\config-vxworks.h">
      <Filter>lib</Filter>
    </ClInclude>
    <ClInclude Include="..\lib\config-tpf.h">
      <Filter>lib</Filter>
    </ClInclude>
    <ClInclude Include="..\lib\config-riscos.h">
      <Filter>lib</Filter>
    </ClInclude>
    <ClInclude Include="..\lib\config-plan9.h">
      <Filter>lib</Filter>
    </ClInclude>
    <ClInclude Include="..\lib\config-os400.h">
      <Filter>lib</Filter>
    </ClInclude>
    <ClInclude Include="..\lib\config-mac.h">
      <Filter>lib</Filter>
    </ClInclude>
    <ClInclude Include="..\lib\config-durango.h">
      <Filter>lib</Filter>
    </ClInclude>
    <ClInclude Include="..\lib\config-dos.h">
      <Filter>lib</Filter>
    </ClInclude>
    <ClInclude Include="..\lib\config-amigaos.h">
      <Filter>lib</Filter>
    </ClInclude>
    <ClInclude Include="..\lib\asyn.h">
      <Filter>lib</Filter>
    </ClInclude>
    <ClInclude Include="..\lib\arpa_telnet.h">
      <Filter>lib</Filter>
    </ClInclude>
    <ClInclude Include="..\lib\amigaos.h">
      <Filter>lib</Filter>
    </ClInclude>
    <ClInclude Include="..\lib\altsvc.h">
      <Filter>lib</Filter>
    </ClInclude>
    <ClInclude Include="..\lib\vauth\digest.h">
      <Filter>lib\vauth</Filter>
    </ClInclude>
    <ClInclude Include="..\lib\vauth\ntlm.h">
      <Filter>lib\vauth</Filter>
    </ClInclude>
    <ClInclude Include="..\lib\vauth\vauth.h">
      <Filter>lib\vauth</Filter>
    </ClInclude>
    <ClInclude Include="..\lib\vquic\ngtcp2.h">
      <Filter>lib\vquic</Filter>
    </ClInclude>
    <ClInclude Include="..\lib\vquic\quiche.h">
      <Filter>lib\vquic</Filter>
    </ClInclude>
    <ClInclude Include="..\lib\vquic\vquic.h">
      <Filter>lib\vquic</Filter>
    </ClInclude>
    <ClInclude Include="..\lib\vssh\ssh.h">
      <Filter>lib\vssh</Filter>
    </ClInclude>
    <ClInclude Include="..\lib\vssh\wolfssh.h">
      <Filter>lib\vssh</Filter>
    </ClInclude>
    <ClInclude Include="..\lib\vtls\bearssl.h">
      <Filter>lib\vtls</Filter>
    </ClInclude>
    <ClInclude Include="..\lib\vtls\gskit.h">
      <Filter>lib\vtls</Filter>
    </ClInclude>
    <ClInclude Include="..\lib\vtls\gtls.h">
      <Filter>lib\vtls</Filter>
    </ClInclude>
    <ClInclude Include="..\lib\vtls\keylog.h">
      <Filter>lib\vtls</Filter>
    </ClInclude>
    <ClInclude Include="..\lib\vtls\mbedtls.h">
      <Filter>lib\vtls</Filter>
    </ClInclude>
    <ClInclude Include="..\lib\vtls\mbedtls_threadlock.h">
      <Filter>lib\vtls</Filter>
    </ClInclude>
    <ClInclude Include="..\lib\vtls\mesalink.h">
      <Filter>lib\vtls</Filter>
    </ClInclude>
    <ClInclude Include="..\lib\vtls\nssg.h">
      <Filter>lib\vtls</Filter>
    </ClInclude>
    <ClInclude Include="..\lib\vtls\openssl.h">
      <Filter>lib\vtls</Filter>
    </ClInclude>
    <ClInclude Include="..\lib\vtls\schannel.h">
      <Filter>lib\vtls</Filter>
    </ClInclude>
    <ClInclude Include="..\lib\vtls\sectransp.h">
      <Filter>lib\vtls</Filter>
    </ClInclude>
    <ClInclude Include="..\lib\vtls\vtls.h">
      <Filter>lib\vtls</Filter>
    </ClInclude>
    <ClInclude Include="..\lib\vtls\wolfssl.h">
      <Filter>lib\vtls</Filter>
    </ClInclude>
  </ItemGroup>
  <ItemGroup>
    <ClCompile Include="..\lib\x509asn1.c">
      <Filter>lib</Filter>
    </ClCompile>
    <ClCompile Include="..\lib\wildcard.c">
      <Filter>lib</Filter>
    </ClCompile>
    <ClCompile Include="..\lib\warnless.c">
      <Filter>lib</Filter>
    </ClCompile>
    <ClCompile Include="..\lib\version_win32.c">
      <Filter>lib</Filter>
    </ClCompile>
    <ClCompile Include="..\lib\version.c">
      <Filter>lib</Filter>
    </ClCompile>
    <ClCompile Include="..\lib\urlapi.c">
      <Filter>lib</Filter>
    </ClCompile>
    <ClCompile Include="..\lib\url.c">
      <Filter>lib</Filter>
    </ClCompile>
    <ClCompile Include="..\lib\transfer.c">
      <Filter>lib</Filter>
    </ClCompile>
    <ClCompile Include="..\lib\timeval.c">
      <Filter>lib</Filter>
    </ClCompile>
    <ClCompile Include="..\lib\tftp.c">
      <Filter>lib</Filter>
    </ClCompile>
    <ClCompile Include="..\lib\telnet.c">
      <Filter>lib</Filter>
    </ClCompile>
    <ClCompile Include="..\lib\system_win32.c">
      <Filter>lib</Filter>
    </ClCompile>
    <ClCompile Include="..\lib\system_durango.c">
      <Filter>lib</Filter>
    </ClCompile>
    <ClCompile Include="..\lib\strtoofft.c">
      <Filter>lib</Filter>
    </ClCompile>
    <ClCompile Include="..\lib\strtok.c">
      <Filter>lib</Filter>
    </ClCompile>
    <ClCompile Include="..\lib\strerror.c">
      <Filter>lib</Filter>
    </ClCompile>
    <ClCompile Include="..\lib\strdup.c">
      <Filter>lib</Filter>
    </ClCompile>
    <ClCompile Include="..\lib\strcase.c">
      <Filter>lib</Filter>
    </ClCompile>
    <ClCompile Include="..\lib\splay.c">
      <Filter>lib</Filter>
    </ClCompile>
    <ClCompile Include="..\lib\speedcheck.c">
      <Filter>lib</Filter>
    </ClCompile>
    <ClCompile Include="..\lib\socks_sspi.c">
      <Filter>lib</Filter>
    </ClCompile>
    <ClCompile Include="..\lib\socks_gssapi.c">
      <Filter>lib</Filter>
    </ClCompile>
    <ClCompile Include="..\lib\socks.c">
      <Filter>lib</Filter>
    </ClCompile>
    <ClCompile Include="..\lib\socketpair.c">
      <Filter>lib</Filter>
    </ClCompile>
    <ClCompile Include="..\lib\smtp.c">
      <Filter>lib</Filter>
    </ClCompile>
    <ClCompile Include="..\lib\smb.c">
      <Filter>lib</Filter>
    </ClCompile>
    <ClCompile Include="..\lib\slist.c">
      <Filter>lib</Filter>
    </ClCompile>
    <ClCompile Include="..\lib\share.c">
      <Filter>lib</Filter>
    </ClCompile>
    <ClCompile Include="..\lib\sha256.c">
      <Filter>lib</Filter>
    </ClCompile>
    <ClCompile Include="..\lib\setopt.c">
      <Filter>lib</Filter>
    </ClCompile>
    <ClCompile Include="..\lib\sendf.c">
      <Filter>lib</Filter>
    </ClCompile>
    <ClCompile Include="..\lib\select.c">
      <Filter>lib</Filter>
    </ClCompile>
    <ClCompile Include="..\lib\rtsp.c">
      <Filter>lib</Filter>
    </ClCompile>
    <ClCompile Include="..\lib\rename.c">
      <Filter>lib</Filter>
    </ClCompile>
    <ClCompile Include="..\lib\rand.c">
      <Filter>lib</Filter>
    </ClCompile>
    <ClCompile Include="..\lib\psl.c">
      <Filter>lib</Filter>
    </ClCompile>
    <ClCompile Include="..\lib\progress.c">
      <Filter>lib</Filter>
    </ClCompile>
    <ClCompile Include="..\lib\pop3.c">
      <Filter>lib</Filter>
    </ClCompile>
    <ClCompile Include="..\lib\pingpong.c">
      <Filter>lib</Filter>
    </ClCompile>
    <ClCompile Include="..\lib\parsedate.c">
      <Filter>lib</Filter>
    </ClCompile>
    <ClCompile Include="..\lib\openldap.c">
      <Filter>lib</Filter>
    </ClCompile>
    <ClCompile Include="..\lib\nwos.c">
      <Filter>lib</Filter>
    </ClCompile>
    <ClCompile Include="..\lib\nwlib.c">
      <Filter>lib</Filter>
    </ClCompile>
    <ClCompile Include="..\lib\nonblock.c">
      <Filter>lib</Filter>
    </ClCompile>
    <ClCompile Include="..\lib\non-ascii.c">
      <Filter>lib</Filter>
    </ClCompile>
    <ClCompile Include="..\lib\netrc.c">
      <Filter>lib</Filter>
    </ClCompile>
    <ClCompile Include="..\lib\multi.c">
      <Filter>lib</Filter>
    </ClCompile>
    <ClCompile Include="..\lib\mqtt.c">
      <Filter>lib</Filter>
    </ClCompile>
    <ClCompile Include="..\lib\mprintf.c">
      <Filter>lib</Filter>
    </ClCompile>
    <ClCompile Include="..\lib\mime.c">
      <Filter>lib</Filter>
    </ClCompile>
    <ClCompile Include="..\lib\memdebug.c">
      <Filter>lib</Filter>
    </ClCompile>
    <ClCompile Include="..\lib\md5.c">
      <Filter>lib</Filter>
    </ClCompile>
    <ClCompile Include="..\lib\md4.c">
      <Filter>lib</Filter>
    </ClCompile>
    <ClCompile Include="..\lib\llist.c">
      <Filter>lib</Filter>
    </ClCompile>
    <ClCompile Include="..\lib\ldap.c">
      <Filter>lib</Filter>
    </ClCompile>
    <ClCompile Include="..\lib\krb5.c">
      <Filter>lib</Filter>
    </ClCompile>
    <ClCompile Include="..\lib\inet_pton.c">
      <Filter>lib</Filter>
    </ClCompile>
    <ClCompile Include="..\lib\inet_ntop.c">
      <Filter>lib</Filter>
    </ClCompile>
    <ClCompile Include="..\lib\imap.c">
      <Filter>lib</Filter>
    </ClCompile>
    <ClCompile Include="..\lib\if2ip.c">
      <Filter>lib</Filter>
    </ClCompile>
    <ClCompile Include="..\lib\idn_win32.c">
      <Filter>lib</Filter>
    </ClCompile>
    <ClCompile Include="..\lib\http2.c">
      <Filter>lib</Filter>
    </ClCompile>
    <ClCompile Include="..\lib\http_proxy.c">
      <Filter>lib</Filter>
    </ClCompile>
    <ClCompile Include="..\lib\http_ntlm.c">
      <Filter>lib</Filter>
    </ClCompile>
    <ClCompile Include="..\lib\http_negotiate.c">
      <Filter>lib</Filter>
    </ClCompile>
    <ClCompile Include="..\lib\http_digest.c">
      <Filter>lib</Filter>
    </ClCompile>
    <ClCompile Include="..\lib\http_chunks.c">
      <Filter>lib</Filter>
    </ClCompile>
    <ClCompile Include="..\lib\http.c">
      <Filter>lib</Filter>
    </ClCompile>
    <ClCompile Include="..\lib\hostsyn.c">
      <Filter>lib</Filter>
    </ClCompile>
    <ClCompile Include="..\lib\hostip6.c">
      <Filter>lib</Filter>
    </ClCompile>
    <ClCompile Include="..\lib\hostip4.c">
      <Filter>lib</Filter>
    </ClCompile>
    <ClCompile Include="..\lib\hostip.c">
      <Filter>lib</Filter>
    </ClCompile>
    <ClCompile Include="..\lib\hostcheck.c">
      <Filter>lib</Filter>
    </ClCompile>
    <ClCompile Include="..\lib\hostasyn.c">
      <Filter>lib</Filter>
    </ClCompile>
    <ClCompile Include="..\lib\hmac.c">
      <Filter>lib</Filter>
    </ClCompile>
    <ClCompile Include="..\lib\hash.c">
      <Filter>lib</Filter>
    </ClCompile>
    <ClCompile Include="..\lib\gopher.c">
      <Filter>lib</Filter>
    </ClCompile>
    <ClCompile Include="..\lib\getinfo.c">
      <Filter>lib</Filter>
    </ClCompile>
    <ClCompile Include="..\lib\getenv.c">
      <Filter>lib</Filter>
    </ClCompile>
    <ClCompile Include="..\lib\ftplistparser.c">
      <Filter>lib</Filter>
    </ClCompile>
    <ClCompile Include="..\lib\ftp.c">
      <Filter>lib</Filter>
    </ClCompile>
    <ClCompile Include="..\lib\formdata.c">
      <Filter>lib</Filter>
    </ClCompile>
    <ClCompile Include="..\lib\fileinfo.c">
      <Filter>lib</Filter>
    </ClCompile>
    <ClCompile Include="..\lib\file.c">
      <Filter>lib</Filter>
    </ClCompile>
    <ClCompile Include="..\lib\escape.c">
      <Filter>lib</Filter>
    </ClCompile>
    <ClCompile Include="..\lib\easyoptions.c">
      <Filter>lib</Filter>
    </ClCompile>
    <ClCompile Include="..\lib\easygetopt.c">
      <Filter>lib</Filter>
    </ClCompile>
    <ClCompile Include="..\lib\easy.c">
      <Filter>lib</Filter>
    </ClCompile>
    <ClCompile Include="..\lib\dynbuf.c">
      <Filter>lib</Filter>
    </ClCompile>
    <ClCompile Include="..\lib\dotdot.c">
      <Filter>lib</Filter>
    </ClCompile>
    <ClCompile Include="..\lib\doh.c">
      <Filter>lib</Filter>
    </ClCompile>
    <ClCompile Include="..\lib\dict.c">
      <Filter>lib</Filter>
    </ClCompile>
    <ClCompile Include="..\lib\curl_threads.c">
      <Filter>lib</Filter>
    </ClCompile>
    <ClCompile Include="..\lib\curl_sspi.c">
      <Filter>lib</Filter>
    </ClCompile>
    <ClCompile Include="..\lib\curl_sasl.c">
      <Filter>lib</Filter>
    </ClCompile>
    <ClCompile Include="..\lib\curl_rtmp.c">
      <Filter>lib</Filter>
    </ClCompile>
    <ClCompile Include="..\lib\curl_range.c">
      <Filter>lib</Filter>
    </ClCompile>
    <ClCompile Include="..\lib\curl_path.c">
      <Filter>lib</Filter>
    </ClCompile>
    <ClCompile Include="..\lib\curl_ntlm_wb.c">
      <Filter>lib</Filter>
    </ClCompile>
    <ClCompile Include="..\lib\curl_ntlm_core.c">
      <Filter>lib</Filter>
    </ClCompile>
    <ClCompile Include="..\lib\curl_multibyte.c">
      <Filter>lib</Filter>
    </ClCompile>
    <ClCompile Include="..\lib\curl_memrchr.c">
      <Filter>lib</Filter>
    </ClCompile>
    <ClCompile Include="..\lib\curl_gssapi.c">
      <Filter>lib</Filter>
    </ClCompile>
    <ClCompile Include="..\lib\curl_gethostname.c">
      <Filter>lib</Filter>
    </ClCompile>
    <ClCompile Include="..\lib\curl_get_line.c">
      <Filter>lib</Filter>
    </ClCompile>
    <ClCompile Include="..\lib\curl_fnmatch.c">
      <Filter>lib</Filter>
    </ClCompile>
    <ClCompile Include="..\lib\curl_endian.c">
      <Filter>lib</Filter>
    </ClCompile>
    <ClCompile Include="..\lib\curl_des.c">
      <Filter>lib</Filter>
    </ClCompile>
    <ClCompile Include="..\lib\curl_ctype.c">
      <Filter>lib</Filter>
    </ClCompile>
    <ClCompile Include="..\lib\curl_addrinfo.c">
      <Filter>lib</Filter>
    </ClCompile>
    <ClCompile Include="..\lib\cookie.c">
      <Filter>lib</Filter>
    </ClCompile>
    <ClCompile Include="..\lib\content_encoding.c">
      <Filter>lib</Filter>
    </ClCompile>
    <ClCompile Include="..\lib\connect.c">
      <Filter>lib</Filter>
    </ClCompile>
    <ClCompile Include="..\lib\conncache.c">
      <Filter>lib</Filter>
    </ClCompile>
    <ClCompile Include="..\lib\base64.c">
      <Filter>lib</Filter>
    </ClCompile>
    <ClCompile Include="..\lib\asyn-thread.c">
      <Filter>lib</Filter>
    </ClCompile>
    <ClCompile Include="..\lib\asyn-ares.c">
      <Filter>lib</Filter>
    </ClCompile>
    <ClCompile Include="..\lib\amigaos.c">
      <Filter>lib</Filter>
    </ClCompile>
    <ClCompile Include="..\lib\altsvc.c">
      <Filter>lib</Filter>
    </ClCompile>
    <ClCompile Include="..\lib\vauth\cleartext.c">
      <Filter>lib\vauth</Filter>
    </ClCompile>
    <ClCompile Include="..\lib\vauth\cram.c">
      <Filter>lib\vauth</Filter>
    </ClCompile>
    <ClCompile Include="..\lib\vauth\digest.c">
      <Filter>lib\vauth</Filter>
    </ClCompile>
    <ClCompile Include="..\lib\vauth\digest_sspi.c">
      <Filter>lib\vauth</Filter>
    </ClCompile>
    <ClCompile Include="..\lib\vauth\krb5_gssapi.c">
      <Filter>lib\vauth</Filter>
    </ClCompile>
    <ClCompile Include="..\lib\vauth\krb5_sspi.c">
      <Filter>lib\vauth</Filter>
    </ClCompile>
    <ClCompile Include="..\lib\vauth\ntlm.c">
      <Filter>lib\vauth</Filter>
    </ClCompile>
    <ClCompile Include="..\lib\vauth\ntlm_sspi.c">
      <Filter>lib\vauth</Filter>
    </ClCompile>
    <ClCompile Include="..\lib\vauth\oauth2.c">
      <Filter>lib\vauth</Filter>
    </ClCompile>
    <ClCompile Include="..\lib\vauth\spnego_gssapi.c">
      <Filter>lib\vauth</Filter>
    </ClCompile>
    <ClCompile Include="..\lib\vauth\spnego_sspi.c">
      <Filter>lib\vauth</Filter>
    </ClCompile>
    <ClCompile Include="..\lib\vauth\vauth.c">
      <Filter>lib\vauth</Filter>
    </ClCompile>
    <ClCompile Include="..\lib\vquic\ngtcp2.c">
      <Filter>lib\vquic</Filter>
    </ClCompile>
    <ClCompile Include="..\lib\vquic\quiche.c">
      <Filter>lib\vquic</Filter>
    </ClCompile>
    <ClCompile Include="..\lib\vquic\vquic.c">
      <Filter>lib\vquic</Filter>
    </ClCompile>
    <ClCompile Include="..\lib\vssh\libssh.c">
      <Filter>lib\vssh</Filter>
    </ClCompile>
    <ClCompile Include="..\lib\vssh\libssh2.c">
      <Filter>lib\vssh</Filter>
    </ClCompile>
    <ClCompile Include="..\lib\vssh\wolfssh.c">
      <Filter>lib\vssh</Filter>
    </ClCompile>
    <ClCompile Include="..\lib\vtls\bearssl.c">
      <Filter>lib\vtls</Filter>
    </ClCompile>
    <ClCompile Include="..\lib\vtls\gskit.c">
      <Filter>lib\vtls</Filter>
    </ClCompile>
    <ClCompile Include="..\lib\vtls\gtls.c">
      <Filter>lib\vtls</Filter>
    </ClCompile>
    <ClCompile Include="..\lib\vtls\keylog.c">
      <Filter>lib\vtls</Filter>
    </ClCompile>
    <ClCompile Include="..\lib\vtls\mbedtls.c">
      <Filter>lib\vtls</Filter>
    </ClCompile>
    <ClCompile Include="..\lib\vtls\mbedtls_threadlock.c">
      <Filter>lib\vtls</Filter>
    </ClCompile>
    <ClCompile Include="..\lib\vtls\mesalink.c">
      <Filter>lib\vtls</Filter>
    </ClCompile>
    <ClCompile Include="..\lib\vtls\nss.c">
      <Filter>lib\vtls</Filter>
    </ClCompile>
    <ClCompile Include="..\lib\vtls\openssl.c">
      <Filter>lib\vtls</Filter>
    </ClCompile>
    <ClCompile Include="..\lib\vtls\schannel.c">
      <Filter>lib\vtls</Filter>
    </ClCompile>
    <ClCompile Include="..\lib\vtls\schannel_verify.c">
      <Filter>lib\vtls</Filter>
    </ClCompile>
    <ClCompile Include="..\lib\vtls\sectransp.c">
      <Filter>lib\vtls</Filter>
    </ClCompile>
    <ClCompile Include="..\lib\vtls\vtls.c">
      <Filter>lib\vtls</Filter>
    </ClCompile>
    <ClCompile Include="..\lib\vtls\wolfssl.c">
      <Filter>lib\vtls</Filter>
    </ClCompile>
  </ItemGroup>
</Project>