// !$*UTF8*$!
{
	archiveVersion = 1;
	classes = {
	};
	objectVersion = 46;
	objects = {

/* Begin PBXBuildFile section */
		1A755FB71B6DA43F00CBA288 /* amigaos.h in Headers */ = {isa = PBXBuildFile; fileRef = 1A755F471B6DA43F00CBA288 /* amigaos.h */; settings = {ATTRIBUTES = (Public, ); }; };
		1A755FB81B6DA43F00CBA288 /* arpa_telnet.h in Headers */ = {isa = PBXBuildFile; fileRef = 1A755F481B6DA43F00CBA288 /* arpa_telnet.h */; settings = {ATTRIBUTES = (Public, ); }; };
		1A755FB91B6DA43F00CBA288 /* asyn.h in Headers */ = {isa = PBXBuildFile; fileRef = 1A755F491B6DA43F00CBA288 /* asyn.h */; settings = {ATTRIBUTES = (Public, ); }; };
		1A755FBA1B6DA43F00CBA288 /* conncache.h in Headers */ = {isa = PBXBuildFile; fileRef = 1A755F4A1B6DA43F00CBA288 /* conncache.h */; settings = {ATTRIBUTES = (Public, ); }; };
		1A755FBB1B6DA43F00CBA288 /* connect.h in Headers */ = {isa = PBXBuildFile; fileRef = 1A755F4B1B6DA43F00CBA288 /* connect.h */; settings = {ATTRIBUTES = (Public, ); }; };
		1A755FBC1B6DA43F00CBA288 /* content_encoding.h in Headers */ = {isa = PBXBuildFile; fileRef = 1A755F4C1B6DA43F00CBA288 /* content_encoding.h */; settings = {ATTRIBUTES = (Public, ); }; };
		1A755FBD1B6DA43F00CBA288 /* cookie.h in Headers */ = {isa = PBXBuildFile; fileRef = 1A755F4D1B6DA43F00CBA288 /* cookie.h */; settings = {ATTRIBUTES = (Public, ); }; };
		1A755FBE1B6DA43F00CBA288 /* curl_addrinfo.h in Headers */ = {isa = PBXBuildFile; fileRef = 1A755F4E1B6DA43F00CBA288 /* curl_addrinfo.h */; settings = {ATTRIBUTES = (Public, ); }; };
		1A755FBF1B6DA43F00CBA288 /* curl_base64.h in Headers */ = {isa = PBXBuildFile; fileRef = 1A755F4F1B6DA43F00CBA288 /* curl_base64.h */; settings = {ATTRIBUTES = (Public, ); }; };
		1A755FC01B6DA43F00CBA288 /* curl_config.h in Headers */ = {isa = PBXBuildFile; fileRef = 1A755F501B6DA43F00CBA288 /* curl_config.h */; settings = {ATTRIBUTES = (Public, ); }; };
		1A755FC11B6DA43F00CBA288 /* curl_des.h in Headers */ = {isa = PBXBuildFile; fileRef = 1A755F511B6DA43F00CBA288 /* curl_des.h */; settings = {ATTRIBUTES = (Public, ); }; };
		1A755FC21B6DA43F00CBA288 /* curl_endian.h in Headers */ = {isa = PBXBuildFile; fileRef = 1A755F521B6DA43F00CBA288 /* curl_endian.h */; settings = {ATTRIBUTES = (Public, ); }; };
		1A755FC31B6DA43F00CBA288 /* curl_fnmatch.h in Headers */ = {isa = PBXBuildFile; fileRef = 1A755F531B6DA43F00CBA288 /* curl_fnmatch.h */; settings = {ATTRIBUTES = (Public, ); }; };
		1A755FC41B6DA43F00CBA288 /* curl_gethostname.h in Headers */ = {isa = PBXBuildFile; fileRef = 1A755F541B6DA43F00CBA288 /* curl_gethostname.h */; settings = {ATTRIBUTES = (Public, ); }; };
		1A755FC51B6DA43F00CBA288 /* curl_gssapi.h in Headers */ = {isa = PBXBuildFile; fileRef = 1A755F551B6DA43F00CBA288 /* curl_gssapi.h */; settings = {ATTRIBUTES = (Public, ); }; };
		1A755FC61B6DA43F00CBA288 /* curl_hmac.h in Headers */ = {isa = PBXBuildFile; fileRef = 1A755F561B6DA43F00CBA288 /* curl_hmac.h */; settings = {ATTRIBUTES = (Public, ); }; };
		1A755FC71B6DA43F00CBA288 /* curl_ldap.h in Headers */ = {isa = PBXBuildFile; fileRef = 1A755F571B6DA43F00CBA288 /* curl_ldap.h */; settings = {ATTRIBUTES = (Public, ); }; };
		1A755FC81B6DA43F00CBA288 /* curl_md4.h in Headers */ = {isa = PBXBuildFile; fileRef = 1A755F581B6DA43F00CBA288 /* curl_md4.h */; settings = {ATTRIBUTES = (Public, ); }; };
		1A755FC91B6DA43F00CBA288 /* curl_md5.h in Headers */ = {isa = PBXBuildFile; fileRef = 1A755F591B6DA43F00CBA288 /* curl_md5.h */; settings = {ATTRIBUTES = (Public, ); }; };
		1A755FCA1B6DA44000CBA288 /* curl_memory.h in Headers */ = {isa = PBXBuildFile; fileRef = 1A755F5A1B6DA43F00CBA288 /* curl_memory.h */; settings = {ATTRIBUTES = (Public, ); }; };
		1A755FCB1B6DA44000CBA288 /* curl_memrchr.h in Headers */ = {isa = PBXBuildFile; fileRef = 1A755F5B1B6DA43F00CBA288 /* curl_memrchr.h */; settings = {ATTRIBUTES = (Public, ); }; };
		1A755FCC1B6DA44000CBA288 /* curl_multibyte.h in Headers */ = {isa = PBXBuildFile; fileRef = 1A755F5C1B6DA43F00CBA288 /* curl_multibyte.h */; settings = {ATTRIBUTES = (Public, ); }; };
		1A755FCD1B6DA44000CBA288 /* curl_ntlm.h in Headers */ = {isa = PBXBuildFile; fileRef = 1A755F5D1B6DA43F00CBA288 /* curl_ntlm.h */; settings = {ATTRIBUTES = (Public, ); }; };
		1A755FCE1B6DA44000CBA288 /* curl_ntlm_core.h in Headers */ = {isa = PBXBuildFile; fileRef = 1A755F5E1B6DA43F00CBA288 /* curl_ntlm_core.h */; settings = {ATTRIBUTES = (Public, ); }; };
		1A755FCF1B6DA44000CBA288 /* curl_ntlm_msgs.h in Headers */ = {isa = PBXBuildFile; fileRef = 1A755F5F1B6DA43F00CBA288 /* curl_ntlm_msgs.h */; settings = {ATTRIBUTES = (Public, ); }; };
		1A755FD01B6DA44000CBA288 /* curl_ntlm_wb.h in Headers */ = {isa = PBXBuildFile; fileRef = 1A755F601B6DA43F00CBA288 /* curl_ntlm_wb.h */; settings = {ATTRIBUTES = (Public, ); }; };
		1A755FD11B6DA44000CBA288 /* curl_printf.h in Headers */ = {isa = PBXBuildFile; fileRef = 1A755F611B6DA43F00CBA288 /* curl_printf.h */; settings = {ATTRIBUTES = (Public, ); }; };
		1A755FD21B6DA44000CBA288 /* curl_rtmp.h in Headers */ = {isa = PBXBuildFile; fileRef = 1A755F621B6DA43F00CBA288 /* curl_rtmp.h */; settings = {ATTRIBUTES = (Public, ); }; };
		1A755FD31B6DA44000CBA288 /* curl_sasl.h in Headers */ = {isa = PBXBuildFile; fileRef = 1A755F631B6DA43F00CBA288 /* curl_sasl.h */; settings = {ATTRIBUTES = (Public, ); }; };
		1A755FD41B6DA44000CBA288 /* curl_sec.h in Headers */ = {isa = PBXBuildFile; fileRef = 1A755F641B6DA43F00CBA288 /* curl_sec.h */; settings = {ATTRIBUTES = (Public, ); }; };
		1A755FD51B6DA44000CBA288 /* curl_setup.h in Headers */ = {isa = PBXBuildFile; fileRef = 1A755F651B6DA43F00CBA288 /* curl_setup.h */; settings = {ATTRIBUTES = (Public, ); }; };
		1A755FD61B6DA44000CBA288 /* curl_setup_once.h in Headers */ = {isa = PBXBuildFile; fileRef = 1A755F661B6DA43F00CBA288 /* curl_setup_once.h */; settings = {ATTRIBUTES = (Public, ); }; };
		1A755FD71B6DA44000CBA288 /* curl_sspi.h in Headers */ = {isa = PBXBuildFile; fileRef = 1A755F671B6DA43F00CBA288 /* curl_sspi.h */; settings = {ATTRIBUTES = (Public, ); }; };
		1A755FD81B6DA44000CBA288 /* curl_threads.h in Headers */ = {isa = PBXBuildFile; fileRef = 1A755F681B6DA43F00CBA288 /* curl_threads.h */; settings = {ATTRIBUTES = (Public, ); }; };
		1A755FD91B6DA44000CBA288 /* curlx.h in Headers */ = {isa = PBXBuildFile; fileRef = 1A755F691B6DA43F00CBA288 /* curlx.h */; settings = {ATTRIBUTES = (Public, ); }; };
		1A755FDA1B6DA44000CBA288 /* dict.h in Headers */ = {isa = PBXBuildFile; fileRef = 1A755F6A1B6DA43F00CBA288 /* dict.h */; settings = {ATTRIBUTES = (Public, ); }; };
		1A755FDB1B6DA44000CBA288 /* dotdot.h in Headers */ = {isa = PBXBuildFile; fileRef = 1A755F6B1B6DA43F00CBA288 /* dotdot.h */; settings = {ATTRIBUTES = (Public, ); }; };
		1A755FDC1B6DA44000CBA288 /* easyif.h in Headers */ = {isa = PBXBuildFile; fileRef = 1A755F6C1B6DA43F00CBA288 /* easyif.h */; settings = {ATTRIBUTES = (Public, ); }; };
		1A755FDD1B6DA44000CBA288 /* escape.h in Headers */ = {isa = PBXBuildFile; fileRef = 1A755F6D1B6DA43F00CBA288 /* escape.h */; settings = {ATTRIBUTES = (Public, ); }; };
		1A755FDE1B6DA44000CBA288 /* file.h in Headers */ = {isa = PBXBuildFile; fileRef = 1A755F6E1B6DA43F00CBA288 /* file.h */; settings = {ATTRIBUTES = (Public, ); }; };
		1A755FDF1B6DA44000CBA288 /* fileinfo.h in Headers */ = {isa = PBXBuildFile; fileRef = 1A755F6F1B6DA43F00CBA288 /* fileinfo.h */; settings = {ATTRIBUTES = (Public, ); }; };
		1A755FE01B6DA44000CBA288 /* formdata.h in Headers */ = {isa = PBXBuildFile; fileRef = 1A755F701B6DA43F00CBA288 /* formdata.h */; settings = {ATTRIBUTES = (Public, ); }; };
		1A755FE11B6DA44000CBA288 /* ftp.h in Headers */ = {isa = PBXBuildFile; fileRef = 1A755F711B6DA43F00CBA288 /* ftp.h */; settings = {ATTRIBUTES = (Public, ); }; };
		1A755FE21B6DA44000CBA288 /* ftplistparser.h in Headers */ = {isa = PBXBuildFile; fileRef = 1A755F721B6DA43F00CBA288 /* ftplistparser.h */; settings = {ATTRIBUTES = (Public, ); }; };
		1A755FE31B6DA44000CBA288 /* getinfo.h in Headers */ = {isa = PBXBuildFile; fileRef = 1A755F731B6DA43F00CBA288 /* getinfo.h */; settings = {ATTRIBUTES = (Public, ); }; };
		1A755FE41B6DA44000CBA288 /* gopher.h in Headers */ = {isa = PBXBuildFile; fileRef = 1A755F741B6DA43F00CBA288 /* gopher.h */; settings = {ATTRIBUTES = (Public, ); }; };
		1A755FE51B6DA44000CBA288 /* hash.h in Headers */ = {isa = PBXBuildFile; fileRef = 1A755F751B6DA43F00CBA288 /* hash.h */; settings = {ATTRIBUTES = (Public, ); }; };
		1A755FE61B6DA44000CBA288 /* hostcheck.h in Headers */ = {isa = PBXBuildFile; fileRef = 1A755F761B6DA43F00CBA288 /* hostcheck.h */; settings = {ATTRIBUTES = (Public, ); }; };
		1A755FE71B6DA44000CBA288 /* hostip.h in Headers */ = {isa = PBXBuildFile; fileRef = 1A755F771B6DA43F00CBA288 /* hostip.h */; settings = {ATTRIBUTES = (Public, ); }; };
		1A755FE81B6DA44000CBA288 /* http.h in Headers */ = {isa = PBXBuildFile; fileRef = 1A755F781B6DA43F00CBA288 /* http.h */; settings = {ATTRIBUTES = (Public, ); }; };
		1A755FE91B6DA44000CBA288 /* http2.h in Headers */ = {isa = PBXBuildFile; fileRef = 1A755F791B6DA43F00CBA288 /* http2.h */; settings = {ATTRIBUTES = (Public, ); }; };
		1A755FEA1B6DA44000CBA288 /* http_chunks.h in Headers */ = {isa = PBXBuildFile; fileRef = 1A755F7A1B6DA43F00CBA288 /* http_chunks.h */; settings = {ATTRIBUTES = (Public, ); }; };
		1A755FEB1B6DA44000CBA288 /* http_digest.h in Headers */ = {isa = PBXBuildFile; fileRef = 1A755F7B1B6DA43F00CBA288 /* http_digest.h */; settings = {ATTRIBUTES = (Public, ); }; };
		1A755FEC1B6DA44000CBA288 /* http_negotiate.h in Headers */ = {isa = PBXBuildFile; fileRef = 1A755F7C1B6DA43F00CBA288 /* http_negotiate.h */; settings = {ATTRIBUTES = (Public, ); }; };
		1A755FED1B6DA44000CBA288 /* http_proxy.h in Headers */ = {isa = PBXBuildFile; fileRef = 1A755F7D1B6DA43F00CBA288 /* http_proxy.h */; settings = {ATTRIBUTES = (Public, ); }; };
		1A755FEE1B6DA44000CBA288 /* if2ip.h in Headers */ = {isa = PBXBuildFile; fileRef = 1A755F7E1B6DA43F00CBA288 /* if2ip.h */; settings = {ATTRIBUTES = (Public, ); }; };
		1A755FEF1B6DA44000CBA288 /* imap.h in Headers */ = {isa = PBXBuildFile; fileRef = 1A755F7F1B6DA43F00CBA288 /* imap.h */; settings = {ATTRIBUTES = (Public, ); }; };
		1A755FF01B6DA44000CBA288 /* inet_ntop.h in Headers */ = {isa = PBXBuildFile; fileRef = 1A755F801B6DA43F00CBA288 /* inet_ntop.h */; settings = {ATTRIBUTES = (Public, ); }; };
		1A755FF11B6DA44100CBA288 /* inet_pton.h in Headers */ = {isa = PBXBuildFile; fileRef = 1A755F811B6DA43F00CBA288 /* inet_pton.h */; settings = {ATTRIBUTES = (Public, ); }; };
		1A755FF21B6DA44100CBA288 /* llist.h in Headers */ = {isa = PBXBuildFile; fileRef = 1A755F821B6DA43F00CBA288 /* llist.h */; settings = {ATTRIBUTES = (Public, ); }; };
		1A755FF31B6DA44100CBA288 /* memdebug.h in Headers */ = {isa = PBXBuildFile; fileRef = 1A755F831B6DA43F00CBA288 /* memdebug.h */; settings = {ATTRIBUTES = (Public, ); }; };
		1A755FF41B6DA44100CBA288 /* multihandle.h in Headers */ = {isa = PBXBuildFile; fileRef = 1A755F841B6DA43F00CBA288 /* multihandle.h */; settings = {ATTRIBUTES = (Public, ); }; };
		1A755FF51B6DA44100CBA288 /* multiif.h in Headers */ = {isa = PBXBuildFile; fileRef = 1A755F851B6DA43F00CBA288 /* multiif.h */; settings = {ATTRIBUTES = (Public, ); }; };
		1A755FF61B6DA44100CBA288 /* netrc.h in Headers */ = {isa = PBXBuildFile; fileRef = 1A755F861B6DA43F00CBA288 /* netrc.h */; settings = {ATTRIBUTES = (Public, ); }; };
		1A755FF71B6DA44100CBA288 /* non-ascii.h in Headers */ = {isa = PBXBuildFile; fileRef = 1A755F871B6DA43F00CBA288 /* non-ascii.h */; settings = {ATTRIBUTES = (Public, ); }; };
		1A755FF81B6DA44100CBA288 /* nonblock.h in Headers */ = {isa = PBXBuildFile; fileRef = 1A755F881B6DA43F00CBA288 /* nonblock.h */; settings = {ATTRIBUTES = (Public, ); }; };
		1A755FF91B6DA44100CBA288 /* parsedate.h in Headers */ = {isa = PBXBuildFile; fileRef = 1A755F891B6DA43F00CBA288 /* parsedate.h */; settings = {ATTRIBUTES = (Public, ); }; };
		1A755FFA1B6DA44100CBA288 /* pingpong.h in Headers */ = {isa = PBXBuildFile; fileRef = 1A755F8A1B6DA43F00CBA288 /* pingpong.h */; settings = {ATTRIBUTES = (Public, ); }; };
		1A755FFB1B6DA44100CBA288 /* pipeline.h in Headers */ = {isa = PBXBuildFile; fileRef = 1A755F8B1B6DA43F00CBA288 /* pipeline.h */; settings = {ATTRIBUTES = (Public, ); }; };
		1A755FFC1B6DA44100CBA288 /* pop3.h in Headers */ = {isa = PBXBuildFile; fileRef = 1A755F8C1B6DA43F00CBA288 /* pop3.h */; settings = {ATTRIBUTES = (Public, ); }; };
		1A755FFD1B6DA44100CBA288 /* progress.h in Headers */ = {isa = PBXBuildFile; fileRef = 1A755F8D1B6DA43F00CBA288 /* progress.h */; settings = {ATTRIBUTES = (Public, ); }; };
		1A755FFE1B6DA44100CBA288 /* rawstr.h in Headers */ = {isa = PBXBuildFile; fileRef = 1A755F8E1B6DA43F00CBA288 /* rawstr.h */; settings = {ATTRIBUTES = (Public, ); }; };
		1A755FFF1B6DA44100CBA288 /* rtsp.h in Headers */ = {isa = PBXBuildFile; fileRef = 1A755F8F1B6DA43F00CBA288 /* rtsp.h */; settings = {ATTRIBUTES = (Public, ); }; };
		1A7560001B6DA44100CBA288 /* select.h in Headers */ = {isa = PBXBuildFile; fileRef = 1A755F901B6DA43F00CBA288 /* select.h */; settings = {ATTRIBUTES = (Public, ); }; };
		1A7560011B6DA44100CBA288 /* sendf.h in Headers */ = {isa = PBXBuildFile; fileRef = 1A755F911B6DA43F00CBA288 /* sendf.h */; settings = {ATTRIBUTES = (Public, ); }; };
		1A7560021B6DA44100CBA288 /* setup-vms.h in Headers */ = {isa = PBXBuildFile; fileRef = 1A755F921B6DA43F00CBA288 /* setup-vms.h */; settings = {ATTRIBUTES = (Public, ); }; };
		1A7560031B6DA44100CBA288 /* share.h in Headers */ = {isa = PBXBuildFile; fileRef = 1A755F931B6DA43F00CBA288 /* share.h */; settings = {ATTRIBUTES = (Public, ); }; };
		1A7560041B6DA44100CBA288 /* sigpipe.h in Headers */ = {isa = PBXBuildFile; fileRef = 1A755F941B6DA43F00CBA288 /* sigpipe.h */; settings = {ATTRIBUTES = (Public, ); }; };
		1A7560051B6DA44100CBA288 /* slist.h in Headers */ = {isa = PBXBuildFile; fileRef = 1A755F951B6DA43F00CBA288 /* slist.h */; settings = {ATTRIBUTES = (Public, ); }; };
		1A7560061B6DA44100CBA288 /* smb.h in Headers */ = {isa = PBXBuildFile; fileRef = 1A755F961B6DA43F00CBA288 /* smb.h */; settings = {ATTRIBUTES = (Public, ); }; };
		1A7560071B6DA44100CBA288 /* smtp.h in Headers */ = {isa = PBXBuildFile; fileRef = 1A755F971B6DA43F00CBA288 /* smtp.h */; settings = {ATTRIBUTES = (Public, ); }; };
		1A7560081B6DA44100CBA288 /* sockaddr.h in Headers */ = {isa = PBXBuildFile; fileRef = 1A755F981B6DA43F00CBA288 /* sockaddr.h */; settings = {ATTRIBUTES = (Public, ); }; };
		1A7560091B6DA44100CBA288 /* socks.h in Headers */ = {isa = PBXBuildFile; fileRef = 1A755F991B6DA43F00CBA288 /* socks.h */; settings = {ATTRIBUTES = (Public, ); }; };
		1A75600A1B6DA44200CBA288 /* speedcheck.h in Headers */ = {isa = PBXBuildFile; fileRef = 1A755F9A1B6DA43F00CBA288 /* speedcheck.h */; settings = {ATTRIBUTES = (Public, ); }; };
		1A75600B1B6DA44200CBA288 /* splay.h in Headers */ = {isa = PBXBuildFile; fileRef = 1A755F9B1B6DA43F00CBA288 /* splay.h */; settings = {ATTRIBUTES = (Public, ); }; };
		1A75600C1B6DA44200CBA288 /* ssh.h in Headers */ = {isa = PBXBuildFile; fileRef = 1A755F9C1B6DA43F00CBA288 /* ssh.h */; settings = {ATTRIBUTES = (Public, ); }; };
		1A75600D1B6DA44200CBA288 /* strdup.h in Headers */ = {isa = PBXBuildFile; fileRef = 1A755F9D1B6DA43F00CBA288 /* strdup.h */; settings = {ATTRIBUTES = (Public, ); }; };
		1A75600E1B6DA44200CBA288 /* strequal.h in Headers */ = {isa = PBXBuildFile; fileRef = 1A755F9E1B6DA43F00CBA288 /* strequal.h */; settings = {ATTRIBUTES = (Public, ); }; };
		1A75600F1B6DA44200CBA288 /* strerror.h in Headers */ = {isa = PBXBuildFile; fileRef = 1A755F9F1B6DA43F00CBA288 /* strerror.h */; settings = {ATTRIBUTES = (Public, ); }; };
		1A7560101B6DA44200CBA288 /* strtok.h in Headers */ = {isa = PBXBuildFile; fileRef = 1A755FA01B6DA43F00CBA288 /* strtok.h */; settings = {ATTRIBUTES = (Public, ); }; };
		1A7560111B6DA44200CBA288 /* strtoofft.h in Headers */ = {isa = PBXBuildFile; fileRef = 1A755FA11B6DA43F00CBA288 /* strtoofft.h */; settings = {ATTRIBUTES = (Public, ); }; };
		1A7560121B6DA44200CBA288 /* telnet.h in Headers */ = {isa = PBXBuildFile; fileRef = 1A755FA21B6DA43F00CBA288 /* telnet.h */; settings = {ATTRIBUTES = (Public, ); }; };
		1A7560131B6DA44200CBA288 /* tftp.h in Headers */ = {isa = PBXBuildFile; fileRef = 1A755FA31B6DA43F00CBA288 /* tftp.h */; settings = {ATTRIBUTES = (Public, ); }; };
		1A7560141B6DA44200CBA288 /* timeval.h in Headers */ = {isa = PBXBuildFile; fileRef = 1A755FA41B6DA43F00CBA288 /* timeval.h */; settings = {ATTRIBUTES = (Public, ); }; };
		1A7560151B6DA44200CBA288 /* transfer.h in Headers */ = {isa = PBXBuildFile; fileRef = 1A755FA51B6DA43F00CBA288 /* transfer.h */; settings = {ATTRIBUTES = (Public, ); }; };
		1A7560161B6DA44200CBA288 /* url.h in Headers */ = {isa = PBXBuildFile; fileRef = 1A755FA61B6DA43F00CBA288 /* url.h */; settings = {ATTRIBUTES = (Public, ); }; };
		1A7560171B6DA44200CBA288 /* urldata.h in Headers */ = {isa = PBXBuildFile; fileRef = 1A755FA71B6DA43F00CBA288 /* urldata.h */; settings = {ATTRIBUTES = (Public, ); }; };
		1A7560181B6DA44200CBA288 /* axtls.h in Headers */ = {isa = PBXBuildFile; fileRef = 1A755FA81B6DA43F00CBA288 /* axtls.h */; settings = {ATTRIBUTES = (Public, ); }; };
		1A7560191B6DA44200CBA288 /* cyassl.h in Headers */ = {isa = PBXBuildFile; fileRef = 1A755FA91B6DA43F00CBA288 /* cyassl.h */; settings = {ATTRIBUTES = (Public, ); }; };
		1A75601A1B6DA44200CBA288 /* darwinssl.h in Headers */ = {isa = PBXBuildFile; fileRef = 1A755FAA1B6DA43F00CBA288 /* darwinssl.h */; settings = {ATTRIBUTES = (Public, ); }; };
		1A75601B1B6DA44200CBA288 /* gskit.h in Headers */ = {isa = PBXBuildFile; fileRef = 1A755FAB1B6DA43F00CBA288 /* gskit.h */; settings = {ATTRIBUTES = (Public, ); }; };
		1A75601C1B6DA44200CBA288 /* gtls.h in Headers */ = {isa = PBXBuildFile; fileRef = 1A755FAC1B6DA43F00CBA288 /* gtls.h */; settings = {ATTRIBUTES = (Public, ); }; };
		1A75601D1B6DA44300CBA288 /* nssg.h in Headers */ = {isa = PBXBuildFile; fileRef = 1A755FAD1B6DA43F00CBA288 /* nssg.h */; settings = {ATTRIBUTES = (Public, ); }; };
		1A75601E1B6DA44300CBA288 /* openssl.h in Headers */ = {isa = PBXBuildFile; fileRef = 1A755FAE1B6DA43F00CBA288 /* openssl.h */; settings = {ATTRIBUTES = (Public, ); }; };
		1A75601F1B6DA44300CBA288 /* polarssl.h in Headers */ = {isa = PBXBuildFile; fileRef = 1A755FAF1B6DA43F00CBA288 /* polarssl.h */; settings = {ATTRIBUTES = (Public, ); }; };
		1A7560201B6DA44300CBA288 /* polarssl_threadlock.h in Headers */ = {isa = PBXBuildFile; fileRef = 1A755FB01B6DA43F00CBA288 /* polarssl_threadlock.h */; settings = {ATTRIBUTES = (Public, ); }; };
		1A7560211B6DA44300CBA288 /* schannel.h in Headers */ = {isa = PBXBuildFile; fileRef = 1A755FB11B6DA43F00CBA288 /* schannel.h */; settings = {ATTRIBUTES = (Public, ); }; };
		1A7560221B6DA44300CBA288 /* vtls.h in Headers */ = {isa = PBXBuildFile; fileRef = 1A755FB21B6DA43F00CBA288 /* vtls.h */; settings = {ATTRIBUTES = (Public, ); }; };
		1A7560231B6DA44300CBA288 /* warnless.h in Headers */ = {isa = PBXBuildFile; fileRef = 1A755FB31B6DA43F00CBA288 /* warnless.h */; settings = {ATTRIBUTES = (Public, ); }; };
		1A7560241B6DA44300CBA288 /* wildcard.h in Headers */ = {isa = PBXBuildFile; fileRef = 1A755FB41B6DA43F00CBA288 /* wildcard.h */; settings = {ATTRIBUTES = (Public, ); }; };
		1A7560251B6DA44300CBA288 /* x509asn1.h in Headers */ = {isa = PBXBuildFile; fileRef = 1A755FB51B6DA43F00CBA288 /* x509asn1.h */; settings = {ATTRIBUTES = (Public, ); }; };
		1A75611A1B6DA82B00CBA288 /* curl.h in Headers */ = {isa = PBXBuildFile; fileRef = 1A7561101B6DA82B00CBA288 /* curl.h */; settings = {ATTRIBUTES = (Public, ); }; };
		1A75611B1B6DA82B00CBA288 /* curlbuild.h in Headers */ = {isa = PBXBuildFile; fileRef = 1A7561111B6DA82B00CBA288 /* curlbuild.h */; settings = {ATTRIBUTES = (Public, ); }; };
		1A75611C1B6DA82B00CBA288 /* curlrules.h in Headers */ = {isa = PBXBuildFile; fileRef = 1A7561121B6DA82B00CBA288 /* curlrules.h */; settings = {ATTRIBUTES = (Public, ); }; };
		1A75611D1B6DA82B00CBA288 /* curlver.h in Headers */ = {isa = PBXBuildFile; fileRef = 1A7561131B6DA82B00CBA288 /* curlver.h */; settings = {ATTRIBUTES = (Public, ); }; };
		1A75611E1B6DA82B00CBA288 /* easy.h in Headers */ = {isa = PBXBuildFile; fileRef = 1A7561141B6DA82B00CBA288 /* easy.h */; settings = {ATTRIBUTES = (Public, ); }; };
		1A7561201B6DA82B00CBA288 /* mprintf.h in Headers */ = {isa = PBXBuildFile; fileRef = 1A7561161B6DA82B00CBA288 /* mprintf.h */; settings = {ATTRIBUTES = (Public, ); }; };
		1A7561211B6DA82B00CBA288 /* multi.h in Headers */ = {isa = PBXBuildFile; fileRef = 1A7561171B6DA82B00CBA288 /* multi.h */; settings = {ATTRIBUTES = (Public, ); }; };
		1A7561221B6DA82B00CBA288 /* stdcheaders.h in Headers */ = {isa = PBXBuildFile; fileRef = 1A7561181B6DA82B00CBA288 /* stdcheaders.h */; settings = {ATTRIBUTES = (Public, ); }; };
		1A7561231B6DA82B00CBA288 /* typecheck-gcc.h in Headers */ = {isa = PBXBuildFile; fileRef = 1A7561191B6DA82B00CBA288 /* typecheck-gcc.h */; settings = {ATTRIBUTES = (Public, ); }; };
		1A7561251B6DA8F200CBA288 /* Info.plist in Resources */ = {isa = PBXBuildFile; fileRef = 1A7561241B6DA8F200CBA288 /* Info.plist */; };
/* End PBXBuildFile section */

/* Begin PBXFileReference section */
		1A755F471B6DA43F00CBA288 /* amigaos.h */ = {isa = PBXFileReference; fileEncoding = 4; lastKnownFileType = sourcecode.c.h; name = amigaos.h; path = ../lib/amigaos.h; sourceTree = "<group>"; };
		1A755F481B6DA43F00CBA288 /* arpa_telnet.h */ = {isa = PBXFileReference; fileEncoding = 4; lastKnownFileType = sourcecode.c.h; name = arpa_telnet.h; path = ../lib/arpa_telnet.h; sourceTree = "<group>"; };
		1A755F491B6DA43F00CBA288 /* asyn.h */ = {isa = PBXFileReference; fileEncoding = 4; lastKnownFileType = sourcecode.c.h; name = asyn.h; path = ../lib/asyn.h; sourceTree = "<group>"; };
		1A755F4A1B6DA43F00CBA288 /* conncache.h */ = {isa = PBXFileReference; fileEncoding = 4; lastKnownFileType = sourcecode.c.h; name = conncache.h; path = ../lib/conncache.h; sourceTree = "<group>"; };
		1A755F4B1B6DA43F00CBA288 /* connect.h */ = {isa = PBXFileReference; fileEncoding = 4; lastKnownFileType = sourcecode.c.h; name = connect.h; path = ../lib/connect.h; sourceTree = "<group>"; };
		1A755F4C1B6DA43F00CBA288 /* content_encoding.h */ = {isa = PBXFileReference; fileEncoding = 4; lastKnownFileType = sourcecode.c.h; name = content_encoding.h; path = ../lib/content_encoding.h; sourceTree = "<group>"; };
		1A755F4D1B6DA43F00CBA288 /* cookie.h */ = {isa = PBXFileReference; fileEncoding = 4; lastKnownFileType = sourcecode.c.h; name = cookie.h; path = ../lib/cookie.h; sourceTree = "<group>"; };
		1A755F4E1B6DA43F00CBA288 /* curl_addrinfo.h */ = {isa = PBXFileReference; fileEncoding = 4; lastKnownFileType = sourcecode.c.h; name = curl_addrinfo.h; path = ../lib/curl_addrinfo.h; sourceTree = "<group>"; };
		1A755F4F1B6DA43F00CBA288 /* curl_base64.h */ = {isa = PBXFileReference; fileEncoding = 4; lastKnownFileType = sourcecode.c.h; name = curl_base64.h; path = ../lib/curl_base64.h; sourceTree = "<group>"; };
		1A755F501B6DA43F00CBA288 /* curl_config.h */ = {isa = PBXFileReference; fileEncoding = 4; lastKnownFileType = sourcecode.c.h; name = curl_config.h; path = ../lib/curl_config.h; sourceTree = "<group>"; };
		1A755F511B6DA43F00CBA288 /* curl_des.h */ = {isa = PBXFileReference; fileEncoding = 4; lastKnownFileType = sourcecode.c.h; name = curl_des.h; path = ../lib/curl_des.h; sourceTree = "<group>"; };
		1A755F521B6DA43F00CBA288 /* curl_endian.h */ = {isa = PBXFileReference; fileEncoding = 4; lastKnownFileType = sourcecode.c.h; name = curl_endian.h; path = ../lib/curl_endian.h; sourceTree = "<group>"; };
		1A755F531B6DA43F00CBA288 /* curl_fnmatch.h */ = {isa = PBXFileReference; fileEncoding = 4; lastKnownFileType = sourcecode.c.h; name = curl_fnmatch.h; path = ../lib/curl_fnmatch.h; sourceTree = "<group>"; };
		1A755F541B6DA43F00CBA288 /* curl_gethostname.h */ = {isa = PBXFileReference; fileEncoding = 4; lastKnownFileType = sourcecode.c.h; name = curl_gethostname.h; path = ../lib/curl_gethostname.h; sourceTree = "<group>"; };
		1A755F551B6DA43F00CBA288 /* curl_gssapi.h */ = {isa = PBXFileReference; fileEncoding = 4; lastKnownFileType = sourcecode.c.h; name = curl_gssapi.h; path = ../lib/curl_gssapi.h; sourceTree = "<group>"; };
		1A755F561B6DA43F00CBA288 /* curl_hmac.h */ = {isa = PBXFileReference; fileEncoding = 4; lastKnownFileType = sourcecode.c.h; name = curl_hmac.h; path = ../lib/curl_hmac.h; sourceTree = "<group>"; };
		1A755F571B6DA43F00CBA288 /* curl_ldap.h */ = {isa = PBXFileReference; fileEncoding = 4; lastKnownFileType = sourcecode.c.h; name = curl_ldap.h; path = ../lib/curl_ldap.h; sourceTree = "<group>"; };
		1A755F581B6DA43F00CBA288 /* curl_md4.h */ = {isa = PBXFileReference; fileEncoding = 4; lastKnownFileType = sourcecode.c.h; name = curl_md4.h; path = ../lib/curl_md4.h; sourceTree = "<group>"; };
		1A755F591B6DA43F00CBA288 /* curl_md5.h */ = {isa = PBXFileReference; fileEncoding = 4; lastKnownFileType = sourcecode.c.h; name = curl_md5.h; path = ../lib/curl_md5.h; sourceTree = "<group>"; };
		1A755F5A1B6DA43F00CBA288 /* curl_memory.h */ = {isa = PBXFileReference; fileEncoding = 4; lastKnownFileType = sourcecode.c.h; name = curl_memory.h; path = ../lib/curl_memory.h; sourceTree = "<group>"; };
		1A755F5B1B6DA43F00CBA288 /* curl_memrchr.h */ = {isa = PBXFileReference; fileEncoding = 4; lastKnownFileType = sourcecode.c.h; name = curl_memrchr.h; path = ../lib/curl_memrchr.h; sourceTree = "<group>"; };
		1A755F5C1B6DA43F00CBA288 /* curl_multibyte.h */ = {isa = PBXFileReference; fileEncoding = 4; lastKnownFileType = sourcecode.c.h; name = curl_multibyte.h; path = ../lib/curl_multibyte.h; sourceTree = "<group>"; };
		1A755F5D1B6DA43F00CBA288 /* curl_ntlm.h */ = {isa = PBXFileReference; fileEncoding = 4; lastKnownFileType = sourcecode.c.h; name = curl_ntlm.h; path = ../lib/curl_ntlm.h; sourceTree = "<group>"; };
		1A755F5E1B6DA43F00CBA288 /* curl_ntlm_core.h */ = {isa = PBXFileReference; fileEncoding = 4; lastKnownFileType = sourcecode.c.h; name = curl_ntlm_core.h; path = ../lib/curl_ntlm_core.h; sourceTree = "<group>"; };
		1A755F5F1B6DA43F00CBA288 /* curl_ntlm_msgs.h */ = {isa = PBXFileReference; fileEncoding = 4; lastKnownFileType = sourcecode.c.h; name = curl_ntlm_msgs.h; path = ../lib/curl_ntlm_msgs.h; sourceTree = "<group>"; };
		1A755F601B6DA43F00CBA288 /* curl_ntlm_wb.h */ = {isa = PBXFileReference; fileEncoding = 4; lastKnownFileType = sourcecode.c.h; name = curl_ntlm_wb.h; path = ../lib/curl_ntlm_wb.h; sourceTree = "<group>"; };
		1A755F611B6DA43F00CBA288 /* curl_printf.h */ = {isa = PBXFileReference; fileEncoding = 4; lastKnownFileType = sourcecode.c.h; name = curl_printf.h; path = ../lib/curl_printf.h; sourceTree = "<group>"; };
		1A755F621B6DA43F00CBA288 /* curl_rtmp.h */ = {isa = PBXFileReference; fileEncoding = 4; lastKnownFileType = sourcecode.c.h; name = curl_rtmp.h; path = ../lib/curl_rtmp.h; sourceTree = "<group>"; };
		1A755F631B6DA43F00CBA288 /* curl_sasl.h */ = {isa = PBXFileReference; fileEncoding = 4; lastKnownFileType = sourcecode.c.h; name = curl_sasl.h; path = ../lib/curl_sasl.h; sourceTree = "<group>"; };
		1A755F641B6DA43F00CBA288 /* curl_sec.h */ = {isa = PBXFileReference; fileEncoding = 4; lastKnownFileType = sourcecode.c.h; name = curl_sec.h; path = ../lib/curl_sec.h; sourceTree = "<group>"; };
		1A755F651B6DA43F00CBA288 /* curl_setup.h */ = {isa = PBXFileReference; fileEncoding = 4; lastKnownFileType = sourcecode.c.h; name = curl_setup.h; path = ../lib/curl_setup.h; sourceTree = "<group>"; };
		1A755F661B6DA43F00CBA288 /* curl_setup_once.h */ = {isa = PBXFileReference; fileEncoding = 4; lastKnownFileType = sourcecode.c.h; name = curl_setup_once.h; path = ../lib/curl_setup_once.h; sourceTree = "<group>"; };
		1A755F671B6DA43F00CBA288 /* curl_sspi.h */ = {isa = PBXFileReference; fileEncoding = 4; lastKnownFileType = sourcecode.c.h; name = curl_sspi.h; path = ../lib/curl_sspi.h; sourceTree = "<group>"; };
		1A755F681B6DA43F00CBA288 /* curl_threads.h */ = {isa = PBXFileReference; fileEncoding = 4; lastKnownFileType = sourcecode.c.h; name = curl_threads.h; path = ../lib/curl_threads.h; sourceTree = "<group>"; };
		1A755F691B6DA43F00CBA288 /* curlx.h */ = {isa = PBXFileReference; fileEncoding = 4; lastKnownFileType = sourcecode.c.h; name = curlx.h; path = ../lib/curlx.h; sourceTree = "<group>"; };
		1A755F6A1B6DA43F00CBA288 /* dict.h */ = {isa = PBXFileReference; fileEncoding = 4; lastKnownFileType = sourcecode.c.h; name = dict.h; path = ../lib/dict.h; sourceTree = "<group>"; };
		1A755F6B1B6DA43F00CBA288 /* dotdot.h */ = {isa = PBXFileReference; fileEncoding = 4; lastKnownFileType = sourcecode.c.h; name = dotdot.h; path = ../lib/dotdot.h; sourceTree = "<group>"; };
		1A755F6C1B6DA43F00CBA288 /* easyif.h */ = {isa = PBXFileReference; fileEncoding = 4; lastKnownFileType = sourcecode.c.h; name = easyif.h; path = ../lib/easyif.h; sourceTree = "<group>"; };
		1A755F6D1B6DA43F00CBA288 /* escape.h */ = {isa = PBXFileReference; fileEncoding = 4; lastKnownFileType = sourcecode.c.h; name = escape.h; path = ../lib/escape.h; sourceTree = "<group>"; };
		1A755F6E1B6DA43F00CBA288 /* file.h */ = {isa = PBXFileReference; fileEncoding = 4; lastKnownFileType = sourcecode.c.h; name = file.h; path = ../lib/file.h; sourceTree = "<group>"; };
		1A755F6F1B6DA43F00CBA288 /* fileinfo.h */ = {isa = PBXFileReference; fileEncoding = 4; lastKnownFileType = sourcecode.c.h; name = fileinfo.h; path = ../lib/fileinfo.h; sourceTree = "<group>"; };
		1A755F701B6DA43F00CBA288 /* formdata.h */ = {isa = PBXFileReference; fileEncoding = 4; lastKnownFileType = sourcecode.c.h; name = formdata.h; path = ../lib/formdata.h; sourceTree = "<group>"; };
		1A755F711B6DA43F00CBA288 /* ftp.h */ = {isa = PBXFileReference; fileEncoding = 4; lastKnownFileType = sourcecode.c.h; name = ftp.h; path = ../lib/ftp.h; sourceTree = "<group>"; };
		1A755F721B6DA43F00CBA288 /* ftplistparser.h */ = {isa = PBXFileReference; fileEncoding = 4; lastKnownFileType = sourcecode.c.h; name = ftplistparser.h; path = ../lib/ftplistparser.h; sourceTree = "<group>"; };
		1A755F731B6DA43F00CBA288 /* getinfo.h */ = {isa = PBXFileReference; fileEncoding = 4; lastKnownFileType = sourcecode.c.h; name = getinfo.h; path = ../lib/getinfo.h; sourceTree = "<group>"; };
		1A755F741B6DA43F00CBA288 /* gopher.h */ = {isa = PBXFileReference; fileEncoding = 4; lastKnownFileType = sourcecode.c.h; name = gopher.h; path = ../lib/gopher.h; sourceTree = "<group>"; };
		1A755F751B6DA43F00CBA288 /* hash.h */ = {isa = PBXFileReference; fileEncoding = 4; lastKnownFileType = sourcecode.c.h; name = hash.h; path = ../lib/hash.h; sourceTree = "<group>"; };
		1A755F761B6DA43F00CBA288 /* hostcheck.h */ = {isa = PBXFileReference; fileEncoding = 4; lastKnownFileType = sourcecode.c.h; name = hostcheck.h; path = ../lib/hostcheck.h; sourceTree = "<group>"; };
		1A755F771B6DA43F00CBA288 /* hostip.h */ = {isa = PBXFileReference; fileEncoding = 4; lastKnownFileType = sourcecode.c.h; name = hostip.h; path = ../lib/hostip.h; sourceTree = "<group>"; };
		1A755F781B6DA43F00CBA288 /* http.h */ = {isa = PBXFileReference; fileEncoding = 4; lastKnownFileType = sourcecode.c.h; name = http.h; path = ../lib/http.h; sourceTree = "<group>"; };
		1A755F791B6DA43F00CBA288 /* http2.h */ = {isa = PBXFileReference; fileEncoding = 4; lastKnownFileType = sourcecode.c.h; name = http2.h; path = ../lib/http2.h; sourceTree = "<group>"; };
		1A755F7A1B6DA43F00CBA288 /* http_chunks.h */ = {isa = PBXFileReference; fileEncoding = 4; lastKnownFileType = sourcecode.c.h; name = http_chunks.h; path = ../lib/http_chunks.h; sourceTree = "<group>"; };
		1A755F7B1B6DA43F00CBA288 /* http_digest.h */ = {isa = PBXFileReference; fileEncoding = 4; lastKnownFileType = sourcecode.c.h; name = http_digest.h; path = ../lib/http_digest.h; sourceTree = "<group>"; };
		1A755F7C1B6DA43F00CBA288 /* http_negotiate.h */ = {isa = PBXFileReference; fileEncoding = 4; lastKnownFileType = sourcecode.c.h; name = http_negotiate.h; path = ../lib/http_negotiate.h; sourceTree = "<group>"; };
		1A755F7D1B6DA43F00CBA288 /* http_proxy.h */ = {isa = PBXFileReference; fileEncoding = 4; lastKnownFileType = sourcecode.c.h; name = http_proxy.h; path = ../lib/http_proxy.h; sourceTree = "<group>"; };
		1A755F7E1B6DA43F00CBA288 /* if2ip.h */ = {isa = PBXFileReference; fileEncoding = 4; lastKnownFileType = sourcecode.c.h; name = if2ip.h; path = ../lib/if2ip.h; sourceTree = "<group>"; };
		1A755F7F1B6DA43F00CBA288 /* imap.h */ = {isa = PBXFileReference; fileEncoding = 4; lastKnownFileType = sourcecode.c.h; name = imap.h; path = ../lib/imap.h; sourceTree = "<group>"; };
		1A755F801B6DA43F00CBA288 /* inet_ntop.h */ = {isa = PBXFileReference; fileEncoding = 4; lastKnownFileType = sourcecode.c.h; name = inet_ntop.h; path = ../lib/inet_ntop.h; sourceTree = "<group>"; };
		1A755F811B6DA43F00CBA288 /* inet_pton.h */ = {isa = PBXFileReference; fileEncoding = 4; lastKnownFileType = sourcecode.c.h; name = inet_pton.h; path = ../lib/inet_pton.h; sourceTree = "<group>"; };
		1A755F821B6DA43F00CBA288 /* llist.h */ = {isa = PBXFileReference; fileEncoding = 4; lastKnownFileType = sourcecode.c.h; name = llist.h; path = ../lib/llist.h; sourceTree = "<group>"; };
		1A755F831B6DA43F00CBA288 /* memdebug.h */ = {isa = PBXFileReference; fileEncoding = 4; lastKnownFileType = sourcecode.c.h; name = memdebug.h; path = ../lib/memdebug.h; sourceTree = "<group>"; };
		1A755F841B6DA43F00CBA288 /* multihandle.h */ = {isa = PBXFileReference; fileEncoding = 4; lastKnownFileType = sourcecode.c.h; name = multihandle.h; path = ../lib/multihandle.h; sourceTree = "<group>"; };
		1A755F851B6DA43F00CBA288 /* multiif.h */ = {isa = PBXFileReference; fileEncoding = 4; lastKnownFileType = sourcecode.c.h; name = multiif.h; path = ../lib/multiif.h; sourceTree = "<group>"; };
		1A755F861B6DA43F00CBA288 /* netrc.h */ = {isa = PBXFileReference; fileEncoding = 4; lastKnownFileType = sourcecode.c.h; name = netrc.h; path = ../lib/netrc.h; sourceTree = "<group>"; };
		1A755F871B6DA43F00CBA288 /* non-ascii.h */ = {isa = PBXFileReference; fileEncoding = 4; lastKnownFileType = sourcecode.c.h; name = "non-ascii.h"; path = "../lib/non-ascii.h"; sourceTree = "<group>"; };
		1A755F881B6DA43F00CBA288 /* nonblock.h */ = {isa = PBXFileReference; fileEncoding = 4; lastKnownFileType = sourcecode.c.h; name = nonblock.h; path = ../lib/nonblock.h; sourceTree = "<group>"; };
		1A755F891B6DA43F00CBA288 /* parsedate.h */ = {isa = PBXFileReference; fileEncoding = 4; lastKnownFileType = sourcecode.c.h; name = parsedate.h; path = ../lib/parsedate.h; sourceTree = "<group>"; };
		1A755F8A1B6DA43F00CBA288 /* pingpong.h */ = {isa = PBXFileReference; fileEncoding = 4; lastKnownFileType = sourcecode.c.h; name = pingpong.h; path = ../lib/pingpong.h; sourceTree = "<group>"; };
		1A755F8B1B6DA43F00CBA288 /* pipeline.h */ = {isa = PBXFileReference; fileEncoding = 4; lastKnownFileType = sourcecode.c.h; name = pipeline.h; path = ../lib/pipeline.h; sourceTree = "<group>"; };
		1A755F8C1B6DA43F00CBA288 /* pop3.h */ = {isa = PBXFileReference; fileEncoding = 4; lastKnownFileType = sourcecode.c.h; name = pop3.h; path = ../lib/pop3.h; sourceTree = "<group>"; };
		1A755F8D1B6DA43F00CBA288 /* progress.h */ = {isa = PBXFileReference; fileEncoding = 4; lastKnownFileType = sourcecode.c.h; name = progress.h; path = ../lib/progress.h; sourceTree = "<group>"; };
		1A755F8E1B6DA43F00CBA288 /* rawstr.h */ = {isa = PBXFileReference; fileEncoding = 4; lastKnownFileType = sourcecode.c.h; name = rawstr.h; path = ../lib/rawstr.h; sourceTree = "<group>"; };
		1A755F8F1B6DA43F00CBA288 /* rtsp.h */ = {isa = PBXFileReference; fileEncoding = 4; lastKnownFileType = sourcecode.c.h; name = rtsp.h; path = ../lib/rtsp.h; sourceTree = "<group>"; };
		1A755F901B6DA43F00CBA288 /* select.h */ = {isa = PBXFileReference; fileEncoding = 4; lastKnownFileType = sourcecode.c.h; name = select.h; path = ../lib/select.h; sourceTree = "<group>"; };
		1A755F911B6DA43F00CBA288 /* sendf.h */ = {isa = PBXFileReference; fileEncoding = 4; lastKnownFileType = sourcecode.c.h; name = sendf.h; path = ../lib/sendf.h; sourceTree = "<group>"; };
		1A755F921B6DA43F00CBA288 /* setup-vms.h */ = {isa = PBXFileReference; fileEncoding = 4; lastKnownFileType = sourcecode.c.h; name = "setup-vms.h"; path = "../lib/setup-vms.h"; sourceTree = "<group>"; };
		1A755F931B6DA43F00CBA288 /* share.h */ = {isa = PBXFileReference; fileEncoding = 4; lastKnownFileType = sourcecode.c.h; name = share.h; path = ../lib/share.h; sourceTree = "<group>"; };
		1A755F941B6DA43F00CBA288 /* sigpipe.h */ = {isa = PBXFileReference; fileEncoding = 4; lastKnownFileType = sourcecode.c.h; name = sigpipe.h; path = ../lib/sigpipe.h; sourceTree = "<group>"; };
		1A755F951B6DA43F00CBA288 /* slist.h */ = {isa = PBXFileReference; fileEncoding = 4; lastKnownFileType = sourcecode.c.h; name = slist.h; path = ../lib/slist.h; sourceTree = "<group>"; };
		1A755F961B6DA43F00CBA288 /* smb.h */ = {isa = PBXFileReference; fileEncoding = 4; lastKnownFileType = sourcecode.c.h; name = smb.h; path = ../lib/smb.h; sourceTree = "<group>"; };
		1A755F971B6DA43F00CBA288 /* smtp.h */ = {isa = PBXFileReference; fileEncoding = 4; lastKnownFileType = sourcecode.c.h; name = smtp.h; path = ../lib/smtp.h; sourceTree = "<group>"; };
		1A755F981B6DA43F00CBA288 /* sockaddr.h */ = {isa = PBXFileReference; fileEncoding = 4; lastKnownFileType = sourcecode.c.h; name = sockaddr.h; path = ../lib/sockaddr.h; sourceTree = "<group>"; };
		1A755F991B6DA43F00CBA288 /* socks.h */ = {isa = PBXFileReference; fileEncoding = 4; lastKnownFileType = sourcecode.c.h; name = socks.h; path = ../lib/socks.h; sourceTree = "<group>"; };
		1A755F9A1B6DA43F00CBA288 /* speedcheck.h */ = {isa = PBXFileReference; fileEncoding = 4; lastKnownFileType = sourcecode.c.h; name = speedcheck.h; path = ../lib/speedcheck.h; sourceTree = "<group>"; };
		1A755F9B1B6DA43F00CBA288 /* splay.h */ = {isa = PBXFileReference; fileEncoding = 4; lastKnownFileType = sourcecode.c.h; name = splay.h; path = ../lib/splay.h; sourceTree = "<group>"; };
		1A755F9C1B6DA43F00CBA288 /* ssh.h */ = {isa = PBXFileReference; fileEncoding = 4; lastKnownFileType = sourcecode.c.h; name = ssh.h; path = ../lib/ssh.h; sourceTree = "<group>"; };
		1A755F9D1B6DA43F00CBA288 /* strdup.h */ = {isa = PBXFileReference; fileEncoding = 4; lastKnownFileType = sourcecode.c.h; name = strdup.h; path = ../lib/strdup.h; sourceTree = "<group>"; };
		1A755F9E1B6DA43F00CBA288 /* strequal.h */ = {isa = PBXFileReference; fileEncoding = 4; lastKnownFileType = sourcecode.c.h; name = strequal.h; path = ../lib/strequal.h; sourceTree = "<group>"; };
		1A755F9F1B6DA43F00CBA288 /* strerror.h */ = {isa = PBXFileReference; fileEncoding = 4; lastKnownFileType = sourcecode.c.h; name = strerror.h; path = ../lib/strerror.h; sourceTree = "<group>"; };
		1A755FA01B6DA43F00CBA288 /* strtok.h */ = {isa = PBXFileReference; fileEncoding = 4; lastKnownFileType = sourcecode.c.h; name = strtok.h; path = ../lib/strtok.h; sourceTree = "<group>"; };
		1A755FA11B6DA43F00CBA288 /* strtoofft.h */ = {isa = PBXFileReference; fileEncoding = 4; lastKnownFileType = sourcecode.c.h; name = strtoofft.h; path = ../lib/strtoofft.h; sourceTree = "<group>"; };
		1A755FA21B6DA43F00CBA288 /* telnet.h */ = {isa = PBXFileReference; fileEncoding = 4; lastKnownFileType = sourcecode.c.h; name = telnet.h; path = ../lib/telnet.h; sourceTree = "<group>"; };
		1A755FA31B6DA43F00CBA288 /* tftp.h */ = {isa = PBXFileReference; fileEncoding = 4; lastKnownFileType = sourcecode.c.h; name = tftp.h; path = ../lib/tftp.h; sourceTree = "<group>"; };
		1A755FA41B6DA43F00CBA288 /* timeval.h */ = {isa = PBXFileReference; fileEncoding = 4; lastKnownFileType = sourcecode.c.h; name = timeval.h; path = ../lib/timeval.h; sourceTree = "<group>"; };
		1A755FA51B6DA43F00CBA288 /* transfer.h */ = {isa = PBXFileReference; fileEncoding = 4; lastKnownFileType = sourcecode.c.h; name = transfer.h; path = ../lib/transfer.h; sourceTree = "<group>"; };
		1A755FA61B6DA43F00CBA288 /* url.h */ = {isa = PBXFileReference; fileEncoding = 4; lastKnownFileType = sourcecode.c.h; name = url.h; path = ../lib/url.h; sourceTree = "<group>"; };
		1A755FA71B6DA43F00CBA288 /* urldata.h */ = {isa = PBXFileReference; fileEncoding = 4; lastKnownFileType = sourcecode.c.h; name = urldata.h; path = ../lib/urldata.h; sourceTree = "<group>"; };
		1A755FA81B6DA43F00CBA288 /* axtls.h */ = {isa = PBXFileReference; fileEncoding = 4; lastKnownFileType = sourcecode.c.h; name = axtls.h; path = ../lib/vtls/axtls.h; sourceTree = "<group>"; };
		1A755FA91B6DA43F00CBA288 /* cyassl.h */ = {isa = PBXFileReference; fileEncoding = 4; lastKnownFileType = sourcecode.c.h; name = cyassl.h; path = ../lib/vtls/cyassl.h; sourceTree = "<group>"; };
		1A755FAA1B6DA43F00CBA288 /* darwinssl.h */ = {isa = PBXFileReference; fileEncoding = 4; lastKnownFileType = sourcecode.c.h; name = darwinssl.h; path = ../lib/vtls/darwinssl.h; sourceTree = "<group>"; };
		1A755FAB1B6DA43F00CBA288 /* gskit.h */ = {isa = PBXFileReference; fileEncoding = 4; lastKnownFileType = sourcecode.c.h; name = gskit.h; path = ../lib/vtls/gskit.h; sourceTree = "<group>"; };
		1A755FAC1B6DA43F00CBA288 /* gtls.h */ = {isa = PBXFileReference; fileEncoding = 4; lastKnownFileType = sourcecode.c.h; name = gtls.h; path = ../lib/vtls/gtls.h; sourceTree = "<group>"; };
		1A755FAD1B6DA43F00CBA288 /* nssg.h */ = {isa = PBXFileReference; fileEncoding = 4; lastKnownFileType = sourcecode.c.h; name = nssg.h; path = ../lib/vtls/nssg.h; sourceTree = "<group>"; };
		1A755FAE1B6DA43F00CBA288 /* openssl.h */ = {isa = PBXFileReference; fileEncoding = 4; lastKnownFileType = sourcecode.c.h; name = openssl.h; path = ../lib/vtls/openssl.h; sourceTree = "<group>"; };
		1A755FAF1B6DA43F00CBA288 /* polarssl.h */ = {isa = PBXFileReference; fileEncoding = 4; lastKnownFileType = sourcecode.c.h; name = polarssl.h; path = ../lib/vtls/polarssl.h; sourceTree = "<group>"; };
		1A755FB01B6DA43F00CBA288 /* polarssl_threadlock.h */ = {isa = PBXFileReference; fileEncoding = 4; lastKnownFileType = sourcecode.c.h; name = polarssl_threadlock.h; path = ../lib/vtls/polarssl_threadlock.h; sourceTree = "<group>"; };
		1A755FB11B6DA43F00CBA288 /* schannel.h */ = {isa = PBXFileReference; fileEncoding = 4; lastKnownFileType = sourcecode.c.h; name = schannel.h; path = ../lib/vtls/schannel.h; sourceTree = "<group>"; };
		1A755FB21B6DA43F00CBA288 /* vtls.h */ = {isa = PBXFileReference; fileEncoding = 4; lastKnownFileType = sourcecode.c.h; name = vtls.h; path = ../lib/vtls/vtls.h; sourceTree = "<group>"; };
		1A755FB31B6DA43F00CBA288 /* warnless.h */ = {isa = PBXFileReference; fileEncoding = 4; lastKnownFileType = sourcecode.c.h; name = warnless.h; path = ../lib/warnless.h; sourceTree = "<group>"; };
		1A755FB41B6DA43F00CBA288 /* wildcard.h */ = {isa = PBXFileReference; fileEncoding = 4; lastKnownFileType = sourcecode.c.h; name = wildcard.h; path = ../lib/wildcard.h; sourceTree = "<group>"; };
		1A755FB51B6DA43F00CBA288 /* x509asn1.h */ = {isa = PBXFileReference; fileEncoding = 4; lastKnownFileType = sourcecode.c.h; name = x509asn1.h; path = ../lib/x509asn1.h; sourceTree = "<group>"; };
		1A7560281B6DA48C00CBA288 /* amigaos.c */ = {isa = PBXFileReference; explicitFileType = sourcecode.c; fileEncoding = 4; name = amigaos.c; path = ../lib/amigaos.c; sourceTree = "<group>"; };
		1A7560291B6DA48C00CBA288 /* asyn-ares.c */ = {isa = PBXFileReference; explicitFileType = sourcecode.c; fileEncoding = 4; name = "asyn-ares.c"; path = "../lib/asyn-ares.c"; sourceTree = "<group>"; };
		1A75602A1B6DA48C00CBA288 /* asyn-thread.c */ = {isa = PBXFileReference; explicitFileType = sourcecode.c; fileEncoding = 4; name = "asyn-thread.c"; path = "../lib/asyn-thread.c"; sourceTree = "<group>"; };
		1A75602B1B6DA48C00CBA288 /* base64.c */ = {isa = PBXFileReference; explicitFileType = sourcecode.c; fileEncoding = 4; name = base64.c; path = ../lib/base64.c; sourceTree = "<group>"; };
		1A75602C1B6DA48C00CBA288 /* conncache.c */ = {isa = PBXFileReference; explicitFileType = sourcecode.c; fileEncoding = 4; name = conncache.c; path = ../lib/conncache.c; sourceTree = "<group>"; };
		1A75602D1B6DA48C00CBA288 /* connect.c */ = {isa = PBXFileReference; explicitFileType = sourcecode.c; fileEncoding = 4; name = connect.c; path = ../lib/connect.c; sourceTree = "<group>"; };
		1A75602E1B6DA48C00CBA288 /* content_encoding.c */ = {isa = PBXFileReference; explicitFileType = sourcecode.c; fileEncoding = 4; name = content_encoding.c; path = ../lib/content_encoding.c; sourceTree = "<group>"; };
		1A75602F1B6DA48C00CBA288 /* cookie.c */ = {isa = PBXFileReference; explicitFileType = sourcecode.c; fileEncoding = 4; name = cookie.c; path = ../lib/cookie.c; sourceTree = "<group>"; };
		1A7560301B6DA48C00CBA288 /* curl_addrinfo.c */ = {isa = PBXFileReference; explicitFileType = sourcecode.c; fileEncoding = 4; name = curl_addrinfo.c; path = ../lib/curl_addrinfo.c; sourceTree = "<group>"; };
		1A7560311B6DA48C00CBA288 /* curl_des.c */ = {isa = PBXFileReference; explicitFileType = sourcecode.c; fileEncoding = 4; name = curl_des.c; path = ../lib/curl_des.c; sourceTree = "<group>"; };
		1A7560321B6DA48C00CBA288 /* curl_endian.c */ = {isa = PBXFileReference; explicitFileType = sourcecode.c; fileEncoding = 4; name = curl_endian.c; path = ../lib/curl_endian.c; sourceTree = "<group>"; };
		1A7560331B6DA48C00CBA288 /* curl_fnmatch.c */ = {isa = PBXFileReference; explicitFileType = sourcecode.c; fileEncoding = 4; name = curl_fnmatch.c; path = ../lib/curl_fnmatch.c; sourceTree = "<group>"; };
		1A7560341B6DA48C00CBA288 /* curl_gethostname.c */ = {isa = PBXFileReference; explicitFileType = sourcecode.c; fileEncoding = 4; name = curl_gethostname.c; path = ../lib/curl_gethostname.c; sourceTree = "<group>"; };
		1A7560351B6DA48C00CBA288 /* curl_gssapi.c */ = {isa = PBXFileReference; explicitFileType = sourcecode.c; fileEncoding = 4; name = curl_gssapi.c; path = ../lib/curl_gssapi.c; sourceTree = "<group>"; };
		1A7560361B6DA48C00CBA288 /* curl_memrchr.c */ = {isa = PBXFileReference; explicitFileType = sourcecode.c; fileEncoding = 4; name = curl_memrchr.c; path = ../lib/curl_memrchr.c; sourceTree = "<group>"; };
		1A7560371B6DA48C00CBA288 /* curl_multibyte.c */ = {isa = PBXFileReference; explicitFileType = sourcecode.c; fileEncoding = 4; name = curl_multibyte.c; path = ../lib/curl_multibyte.c; sourceTree = "<group>"; };
		1A7560381B6DA48C00CBA288 /* curl_ntlm.c */ = {isa = PBXFileReference; explicitFileType = sourcecode.c; fileEncoding = 4; name = curl_ntlm.c; path = ../lib/curl_ntlm.c; sourceTree = "<group>"; };
		1A7560391B6DA48C00CBA288 /* curl_ntlm_core.c */ = {isa = PBXFileReference; explicitFileType = sourcecode.c; fileEncoding = 4; name = curl_ntlm_core.c; path = ../lib/curl_ntlm_core.c; sourceTree = "<group>"; };
		1A75603A1B6DA48C00CBA288 /* curl_ntlm_msgs.c */ = {isa = PBXFileReference; explicitFileType = sourcecode.c; fileEncoding = 4; name = curl_ntlm_msgs.c; path = ../lib/curl_ntlm_msgs.c; sourceTree = "<group>"; };
		1A75603B1B6DA48C00CBA288 /* curl_ntlm_wb.c */ = {isa = PBXFileReference; explicitFileType = sourcecode.c; fileEncoding = 4; name = curl_ntlm_wb.c; path = ../lib/curl_ntlm_wb.c; sourceTree = "<group>"; };
		1A75603C1B6DA48C00CBA288 /* curl_rtmp.c */ = {isa = PBXFileReference; explicitFileType = sourcecode.c; fileEncoding = 4; name = curl_rtmp.c; path = ../lib/curl_rtmp.c; sourceTree = "<group>"; };
		1A75603D1B6DA48C00CBA288 /* curl_sasl.c */ = {isa = PBXFileReference; explicitFileType = sourcecode.c; fileEncoding = 4; name = curl_sasl.c; path = ../lib/curl_sasl.c; sourceTree = "<group>"; };
		1A75603E1B6DA48C00CBA288 /* curl_sasl_gssapi.c */ = {isa = PBXFileReference; explicitFileType = sourcecode.c; fileEncoding = 4; name = curl_sasl_gssapi.c; path = ../lib/curl_sasl_gssapi.c; sourceTree = "<group>"; };
		1A75603F1B6DA48C00CBA288 /* curl_sasl_sspi.c */ = {isa = PBXFileReference; explicitFileType = sourcecode.c; fileEncoding = 4; name = curl_sasl_sspi.c; path = ../lib/curl_sasl_sspi.c; sourceTree = "<group>"; };
		1A7560401B6DA48C00CBA288 /* curl_sspi.c */ = {isa = PBXFileReference; explicitFileType = sourcecode.c; fileEncoding = 4; name = curl_sspi.c; path = ../lib/curl_sspi.c; sourceTree = "<group>"; };
		1A7560411B6DA48C00CBA288 /* curl_threads.c */ = {isa = PBXFileReference; explicitFileType = sourcecode.c; fileEncoding = 4; name = curl_threads.c; path = ../lib/curl_threads.c; sourceTree = "<group>"; };
		1A7560421B6DA48C00CBA288 /* dict.c */ = {isa = PBXFileReference; explicitFileType = sourcecode.c; fileEncoding = 4; name = dict.c; path = ../lib/dict.c; sourceTree = "<group>"; };
		1A7560431B6DA48C00CBA288 /* dotdot.c */ = {isa = PBXFileReference; explicitFileType = sourcecode.c; fileEncoding = 4; name = dotdot.c; path = ../lib/dotdot.c; sourceTree = "<group>"; };
		1A7560441B6DA48C00CBA288 /* easy.c */ = {isa = PBXFileReference; explicitFileType = sourcecode.c; fileEncoding = 4; name = easy.c; path = ../lib/easy.c; sourceTree = "<group>"; };
		1A7560451B6DA48C00CBA288 /* escape.c */ = {isa = PBXFileReference; explicitFileType = sourcecode.c; fileEncoding = 4; name = escape.c; path = ../lib/escape.c; sourceTree = "<group>"; };
		1A7560461B6DA48C00CBA288 /* file.c */ = {isa = PBXFileReference; explicitFileType = sourcecode.c; fileEncoding = 4; name = file.c; path = ../lib/file.c; sourceTree = "<group>"; };
		1A7560471B6DA48C00CBA288 /* fileinfo.c */ = {isa = PBXFileReference; explicitFileType = sourcecode.c; fileEncoding = 4; name = fileinfo.c; path = ../lib/fileinfo.c; sourceTree = "<group>"; };
		1A7560481B6DA48C00CBA288 /* formdata.c */ = {isa = PBXFileReference; explicitFileType = sourcecode.c; fileEncoding = 4; name = formdata.c; path = ../lib/formdata.c; sourceTree = "<group>"; };
		1A7560491B6DA48C00CBA288 /* ftp.c */ = {isa = PBXFileReference; explicitFileType = sourcecode.c; fileEncoding = 4; name = ftp.c; path = ../lib/ftp.c; sourceTree = "<group>"; };
		1A75604A1B6DA48C00CBA288 /* ftplistparser.c */ = {isa = PBXFileReference; explicitFileType = sourcecode.c; fileEncoding = 4; name = ftplistparser.c; path = ../lib/ftplistparser.c; sourceTree = "<group>"; };
		1A75604B1B6DA48C00CBA288 /* getenv.c */ = {isa = PBXFileReference; explicitFileType = sourcecode.c; fileEncoding = 4; name = getenv.c; path = ../lib/getenv.c; sourceTree = "<group>"; };
		1A75604C1B6DA48C00CBA288 /* getinfo.c */ = {isa = PBXFileReference; explicitFileType = sourcecode.c; fileEncoding = 4; name = getinfo.c; path = ../lib/getinfo.c; sourceTree = "<group>"; };
		1A75604D1B6DA48C00CBA288 /* gopher.c */ = {isa = PBXFileReference; explicitFileType = sourcecode.c; fileEncoding = 4; name = gopher.c; path = ../lib/gopher.c; sourceTree = "<group>"; };
		1A75604E1B6DA48C00CBA288 /* hash.c */ = {isa = PBXFileReference; explicitFileType = sourcecode.c; fileEncoding = 4; name = hash.c; path = ../lib/hash.c; sourceTree = "<group>"; };
		1A75604F1B6DA48C00CBA288 /* hmac.c */ = {isa = PBXFileReference; explicitFileType = sourcecode.c; fileEncoding = 4; name = hmac.c; path = ../lib/hmac.c; sourceTree = "<group>"; };
		1A7560501B6DA48C00CBA288 /* hostasyn.c */ = {isa = PBXFileReference; explicitFileType = sourcecode.c; fileEncoding = 4; name = hostasyn.c; path = ../lib/hostasyn.c; sourceTree = "<group>"; };
		1A7560511B6DA48C00CBA288 /* hostcheck.c */ = {isa = PBXFileReference; explicitFileType = sourcecode.c; fileEncoding = 4; name = hostcheck.c; path = ../lib/hostcheck.c; sourceTree = "<group>"; };
		1A7560521B6DA48C00CBA288 /* hostip.c */ = {isa = PBXFileReference; explicitFileType = sourcecode.c; fileEncoding = 4; name = hostip.c; path = ../lib/hostip.c; sourceTree = "<group>"; };
		1A7560531B6DA48C00CBA288 /* hostip4.c */ = {isa = PBXFileReference; explicitFileType = sourcecode.c; fileEncoding = 4; name = hostip4.c; path = ../lib/hostip4.c; sourceTree = "<group>"; };
		1A7560541B6DA48C00CBA288 /* hostip6.c */ = {isa = PBXFileReference; explicitFileType = sourcecode.c; fileEncoding = 4; name = hostip6.c; path = ../lib/hostip6.c; sourceTree = "<group>"; };
		1A7560551B6DA48C00CBA288 /* hostsyn.c */ = {isa = PBXFileReference; explicitFileType = sourcecode.c; fileEncoding = 4; name = hostsyn.c; path = ../lib/hostsyn.c; sourceTree = "<group>"; };
		1A7560561B6DA48C00CBA288 /* http.c */ = {isa = PBXFileReference; explicitFileType = sourcecode.c; fileEncoding = 4; name = http.c; path = ../lib/http.c; sourceTree = "<group>"; };
		1A7560571B6DA48C00CBA288 /* http2.c */ = {isa = PBXFileReference; explicitFileType = sourcecode.c; fileEncoding = 4; name = http2.c; path = ../lib/http2.c; sourceTree = "<group>"; };
		1A7560581B6DA48C00CBA288 /* http_chunks.c */ = {isa = PBXFileReference; explicitFileType = sourcecode.c; fileEncoding = 4; name = http_chunks.c; path = ../lib/http_chunks.c; sourceTree = "<group>"; };
		1A7560591B6DA48C00CBA288 /* http_digest.c */ = {isa = PBXFileReference; explicitFileType = sourcecode.c; fileEncoding = 4; name = http_digest.c; path = ../lib/http_digest.c; sourceTree = "<group>"; };
		1A75605A1B6DA48C00CBA288 /* http_negotiate.c */ = {isa = PBXFileReference; explicitFileType = sourcecode.c; fileEncoding = 4; name = http_negotiate.c; path = ../lib/http_negotiate.c; sourceTree = "<group>"; };
		1A75605B1B6DA48C00CBA288 /* http_negotiate_sspi.c */ = {isa = PBXFileReference; explicitFileType = sourcecode.c; fileEncoding = 4; name = http_negotiate_sspi.c; path = ../lib/http_negotiate_sspi.c; sourceTree = "<group>"; };
		1A75605C1B6DA48C00CBA288 /* http_proxy.c */ = {isa = PBXFileReference; explicitFileType = sourcecode.c; fileEncoding = 4; name = http_proxy.c; path = ../lib/http_proxy.c; sourceTree = "<group>"; };
		1A75605D1B6DA48C00CBA288 /* idn_win32.c */ = {isa = PBXFileReference; explicitFileType = sourcecode.c; fileEncoding = 4; name = idn_win32.c; path = ../lib/idn_win32.c; sourceTree = "<group>"; };
		1A75605E1B6DA48C00CBA288 /* if2ip.c */ = {isa = PBXFileReference; explicitFileType = sourcecode.c; fileEncoding = 4; name = if2ip.c; path = ../lib/if2ip.c; sourceTree = "<group>"; };
		1A75605F1B6DA48C00CBA288 /* imap.c */ = {isa = PBXFileReference; explicitFileType = sourcecode.c; fileEncoding = 4; name = imap.c; path = ../lib/imap.c; sourceTree = "<group>"; };
		1A7560601B6DA48C00CBA288 /* inet_ntop.c */ = {isa = PBXFileReference; explicitFileType = sourcecode.c; fileEncoding = 4; name = inet_ntop.c; path = ../lib/inet_ntop.c; sourceTree = "<group>"; };
		1A7560611B6DA48C00CBA288 /* inet_pton.c */ = {isa = PBXFileReference; explicitFileType = sourcecode.c; fileEncoding = 4; name = inet_pton.c; path = ../lib/inet_pton.c; sourceTree = "<group>"; };
		1A7560621B6DA48C00CBA288 /* krb5.c */ = {isa = PBXFileReference; explicitFileType = sourcecode.c; fileEncoding = 4; name = krb5.c; path = ../lib/krb5.c; sourceTree = "<group>"; };
		1A7560631B6DA48C00CBA288 /* ldap.c */ = {isa = PBXFileReference; explicitFileType = sourcecode.c; fileEncoding = 4; name = ldap.c; path = ../lib/ldap.c; sourceTree = "<group>"; };
		1A7560641B6DA48C00CBA288 /* llist.c */ = {isa = PBXFileReference; explicitFileType = sourcecode.c; fileEncoding = 4; name = llist.c; path = ../lib/llist.c; sourceTree = "<group>"; };
		1A7560651B6DA48C00CBA288 /* md4.c */ = {isa = PBXFileReference; explicitFileType = sourcecode.c; fileEncoding = 4; name = md4.c; path = ../lib/md4.c; sourceTree = "<group>"; };
		1A7560661B6DA48C00CBA288 /* md5.c */ = {isa = PBXFileReference; explicitFileType = sourcecode.c; fileEncoding = 4; name = md5.c; path = ../lib/md5.c; sourceTree = "<group>"; };
		1A7560671B6DA48C00CBA288 /* memdebug.c */ = {isa = PBXFileReference; explicitFileType = sourcecode.c; fileEncoding = 4; name = memdebug.c; path = ../lib/memdebug.c; sourceTree = "<group>"; };
		1A7560681B6DA48C00CBA288 /* mprintf.c */ = {isa = PBXFileReference; explicitFileType = sourcecode.c; fileEncoding = 4; name = mprintf.c; path = ../lib/mprintf.c; sourceTree = "<group>"; };
		1A7560691B6DA48C00CBA288 /* multi.c */ = {isa = PBXFileReference; explicitFileType = sourcecode.c; fileEncoding = 4; name = multi.c; path = ../lib/multi.c; sourceTree = "<group>"; };
		1A75606A1B6DA48C00CBA288 /* netrc.c */ = {isa = PBXFileReference; explicitFileType = sourcecode.c; fileEncoding = 4; name = netrc.c; path = ../lib/netrc.c; sourceTree = "<group>"; };
		1A75606B1B6DA48C00CBA288 /* non-ascii.c */ = {isa = PBXFileReference; explicitFileType = sourcecode.c; fileEncoding = 4; name = "non-ascii.c"; path = "../lib/non-ascii.c"; sourceTree = "<group>"; };
		1A75606C1B6DA48C00CBA288 /* nonblock.c */ = {isa = PBXFileReference; explicitFileType = sourcecode.c; fileEncoding = 4; name = nonblock.c; path = ../lib/nonblock.c; sourceTree = "<group>"; };
		1A75606D1B6DA48C00CBA288 /* openldap.c */ = {isa = PBXFileReference; explicitFileType = sourcecode.c; fileEncoding = 4; name = openldap.c; path = ../lib/openldap.c; sourceTree = "<group>"; };
		1A75606E1B6DA48C00CBA288 /* parsedate.c */ = {isa = PBXFileReference; explicitFileType = sourcecode.c; fileEncoding = 4; name = parsedate.c; path = ../lib/parsedate.c; sourceTree = "<group>"; };
		1A75606F1B6DA48C00CBA288 /* pingpong.c */ = {isa = PBXFileReference; explicitFileType = sourcecode.c; fileEncoding = 4; name = pingpong.c; path = ../lib/pingpong.c; sourceTree = "<group>"; };
		1A7560701B6DA48C00CBA288 /* pipeline.c */ = {isa = PBXFileReference; explicitFileType = sourcecode.c; fileEncoding = 4; name = pipeline.c; path = ../lib/pipeline.c; sourceTree = "<group>"; };
		1A7560711B6DA48C00CBA288 /* pop3.c */ = {isa = PBXFileReference; explicitFileType = sourcecode.c; fileEncoding = 4; name = pop3.c; path = ../lib/pop3.c; sourceTree = "<group>"; };
		1A7560721B6DA48C00CBA288 /* progress.c */ = {isa = PBXFileReference; explicitFileType = sourcecode.c; fileEncoding = 4; name = progress.c; path = ../lib/progress.c; sourceTree = "<group>"; };
		1A7560731B6DA48C00CBA288 /* rawstr.c */ = {isa = PBXFileReference; explicitFileType = sourcecode.c; fileEncoding = 4; name = rawstr.c; path = ../lib/rawstr.c; sourceTree = "<group>"; };
		1A7560741B6DA48C00CBA288 /* rtsp.c */ = {isa = PBXFileReference; explicitFileType = sourcecode.c; fileEncoding = 4; name = rtsp.c; path = ../lib/rtsp.c; sourceTree = "<group>"; };
		1A7560751B6DA48C00CBA288 /* security.c */ = {isa = PBXFileReference; explicitFileType = sourcecode.c; fileEncoding = 4; name = security.c; path = ../lib/security.c; sourceTree = "<group>"; };
		1A7560761B6DA48C00CBA288 /* select.c */ = {isa = PBXFileReference; explicitFileType = sourcecode.c; fileEncoding = 4; name = select.c; path = ../lib/select.c; sourceTree = "<group>"; };
		1A7560771B6DA48C00CBA288 /* sendf.c */ = {isa = PBXFileReference; explicitFileType = sourcecode.c; fileEncoding = 4; name = sendf.c; path = ../lib/sendf.c; sourceTree = "<group>"; };
		1A7560781B6DA48C00CBA288 /* share.c */ = {isa = PBXFileReference; explicitFileType = sourcecode.c; fileEncoding = 4; name = share.c; path = ../lib/share.c; sourceTree = "<group>"; };
		1A7560791B6DA48C00CBA288 /* slist.c */ = {isa = PBXFileReference; explicitFileType = sourcecode.c; fileEncoding = 4; name = slist.c; path = ../lib/slist.c; sourceTree = "<group>"; };
		1A75607A1B6DA48C00CBA288 /* smb.c */ = {isa = PBXFileReference; explicitFileType = sourcecode.c; fileEncoding = 4; name = smb.c; path = ../lib/smb.c; sourceTree = "<group>"; };
		1A75607B1B6DA48C00CBA288 /* smtp.c */ = {isa = PBXFileReference; explicitFileType = sourcecode.c; fileEncoding = 4; name = smtp.c; path = ../lib/smtp.c; sourceTree = "<group>"; };
		1A75607C1B6DA48C00CBA288 /* socks.c */ = {isa = PBXFileReference; explicitFileType = sourcecode.c; fileEncoding = 4; name = socks.c; path = ../lib/socks.c; sourceTree = "<group>"; };
		1A75607D1B6DA48C00CBA288 /* socks_gssapi.c */ = {isa = PBXFileReference; explicitFileType = sourcecode.c; fileEncoding = 4; name = socks_gssapi.c; path = ../lib/socks_gssapi.c; sourceTree = "<group>"; };
		1A75607E1B6DA48C00CBA288 /* socks_sspi.c */ = {isa = PBXFileReference; explicitFileType = sourcecode.c; fileEncoding = 4; name = socks_sspi.c; path = ../lib/socks_sspi.c; sourceTree = "<group>"; };
		1A75607F1B6DA48C00CBA288 /* speedcheck.c */ = {isa = PBXFileReference; explicitFileType = sourcecode.c; fileEncoding = 4; name = speedcheck.c; path = ../lib/speedcheck.c; sourceTree = "<group>"; };
		1A7560801B6DA48C00CBA288 /* splay.c */ = {isa = PBXFileReference; explicitFileType = sourcecode.c; fileEncoding = 4; name = splay.c; path = ../lib/splay.c; sourceTree = "<group>"; };
		1A7560811B6DA48C00CBA288 /* ssh.c */ = {isa = PBXFileReference; explicitFileType = sourcecode.c; fileEncoding = 4; name = ssh.c; path = ../lib/ssh.c; sourceTree = "<group>"; };
		1A7560821B6DA48C00CBA288 /* strdup.c */ = {isa = PBXFileReference; explicitFileType = sourcecode.c; fileEncoding = 4; name = strdup.c; path = ../lib/strdup.c; sourceTree = "<group>"; };
		1A7560831B6DA48C00CBA288 /* strequal.c */ = {isa = PBXFileReference; explicitFileType = sourcecode.c; fileEncoding = 4; name = strequal.c; path = ../lib/strequal.c; sourceTree = "<group>"; };
		1A7560841B6DA48C00CBA288 /* strerror.c */ = {isa = PBXFileReference; explicitFileType = sourcecode.c; fileEncoding = 4; name = strerror.c; path = ../lib/strerror.c; sourceTree = "<group>"; };
		1A7560851B6DA48C00CBA288 /* strtok.c */ = {isa = PBXFileReference; explicitFileType = sourcecode.c; fileEncoding = 4; name = strtok.c; path = ../lib/strtok.c; sourceTree = "<group>"; };
		1A7560861B6DA48C00CBA288 /* strtoofft.c */ = {isa = PBXFileReference; explicitFileType = sourcecode.c; fileEncoding = 4; name = strtoofft.c; path = ../lib/strtoofft.c; sourceTree = "<group>"; };
		1A7560871B6DA48C00CBA288 /* telnet.c */ = {isa = PBXFileReference; explicitFileType = sourcecode.c; fileEncoding = 4; name = telnet.c; path = ../lib/telnet.c; sourceTree = "<group>"; };
		1A7560881B6DA48C00CBA288 /* tftp.c */ = {isa = PBXFileReference; explicitFileType = sourcecode.c; fileEncoding = 4; name = tftp.c; path = ../lib/tftp.c; sourceTree = "<group>"; };
		1A7560891B6DA48C00CBA288 /* timeval.c */ = {isa = PBXFileReference; explicitFileType = sourcecode.c; fileEncoding = 4; name = timeval.c; path = ../lib/timeval.c; sourceTree = "<group>"; };
		1A75608A1B6DA48C00CBA288 /* transfer.c */ = {isa = PBXFileReference; explicitFileType = sourcecode.c; fileEncoding = 4; name = transfer.c; path = ../lib/transfer.c; sourceTree = "<group>"; };
		1A75608B1B6DA48C00CBA288 /* url.c */ = {isa = PBXFileReference; explicitFileType = sourcecode.c; fileEncoding = 4; name = url.c; path = ../lib/url.c; sourceTree = "<group>"; };
		1A75608C1B6DA48C00CBA288 /* version.c */ = {isa = PBXFileReference; explicitFileType = sourcecode.c; fileEncoding = 4; name = version.c; path = ../lib/version.c; sourceTree = "<group>"; };
		1A75608D1B6DA48C00CBA288 /* axtls.c */ = {isa = PBXFileReference; explicitFileType = sourcecode.c; fileEncoding = 4; name = axtls.c; path = ../lib/vtls/axtls.c; sourceTree = "<group>"; };
		1A75608E1B6DA48C00CBA288 /* cyassl.c */ = {isa = PBXFileReference; explicitFileType = sourcecode.c; fileEncoding = 4; name = cyassl.c; path = ../lib/vtls/cyassl.c; sourceTree = "<group>"; };
		1A75608F1B6DA48C00CBA288 /* darwinssl.c */ = {isa = PBXFileReference; explicitFileType = sourcecode.c; fileEncoding = 4; name = darwinssl.c; path = ../lib/vtls/darwinssl.c; sourceTree = "<group>"; };
		1A7560901B6DA48C00CBA288 /* gskit.c */ = {isa = PBXFileReference; explicitFileType = sourcecode.c; fileEncoding = 4; name = gskit.c; path = ../lib/vtls/gskit.c; sourceTree = "<group>"; };
		1A7560911B6DA48C00CBA288 /* gtls.c */ = {isa = PBXFileReference; explicitFileType = sourcecode.c; fileEncoding = 4; name = gtls.c; path = ../lib/vtls/gtls.c; sourceTree = "<group>"; };
		1A7560921B6DA48C00CBA288 /* nss.c */ = {isa = PBXFileReference; explicitFileType = sourcecode.c; fileEncoding = 4; name = nss.c; path = ../lib/vtls/nss.c; sourceTree = "<group>"; };
		1A7560931B6DA48C00CBA288 /* openssl.c */ = {isa = PBXFileReference; explicitFileType = sourcecode.c; fileEncoding = 4; name = openssl.c; path = ../lib/vtls/openssl.c; sourceTree = "<group>"; };
		1A7560941B6DA48C00CBA288 /* polarssl.c */ = {isa = PBXFileReference; explicitFileType = sourcecode.c; fileEncoding = 4; name = polarssl.c; path = ../lib/vtls/polarssl.c; sourceTree = "<group>"; };
		1A7560951B6DA48C00CBA288 /* polarssl_threadlock.c */ = {isa = PBXFileReference; explicitFileType = sourcecode.c; fileEncoding = 4; name = polarssl_threadlock.c; path = ../lib/vtls/polarssl_threadlock.c; sourceTree = "<group>"; };
		1A7560961B6DA48C00CBA288 /* schannel.c */ = {isa = PBXFileReference; explicitFileType = sourcecode.c; fileEncoding = 4; name = schannel.c; path = ../lib/vtls/schannel.c; sourceTree = "<group>"; };
		1A7560971B6DA48C00CBA288 /* vtls.c */ = {isa = PBXFileReference; explicitFileType = sourcecode.c; fileEncoding = 4; name = vtls.c; path = ../lib/vtls/vtls.c; sourceTree = "<group>"; };
		1A7560981B6DA48C00CBA288 /* warnless.c */ = {isa = PBXFileReference; explicitFileType = sourcecode.c; fileEncoding = 4; name = warnless.c; path = ../lib/warnless.c; sourceTree = "<group>"; };
		1A7560991B6DA48C00CBA288 /* wildcard.c */ = {isa = PBXFileReference; explicitFileType = sourcecode.c; fileEncoding = 4; name = wildcard.c; path = ../lib/wildcard.c; sourceTree = "<group>"; };
		1A75609A1B6DA48C00CBA288 /* x509asn1.c */ = {isa = PBXFileReference; explicitFileType = sourcecode.c; fileEncoding = 4; name = x509asn1.c; path = ../lib/x509asn1.c; sourceTree = "<group>"; };
		1A7561101B6DA82B00CBA288 /* curl.h */ = {isa = PBXFileReference; fileEncoding = 4; lastKnownFileType = sourcecode.c.h; name = curl.h; path = ../include/curl/curl.h; sourceTree = "<group>"; };
		1A7561111B6DA82B00CBA288 /* curlbuild.h */ = {isa = PBXFileReference; fileEncoding = 4; lastKnownFileType = sourcecode.c.h; name = curlbuild.h; path = ../include/curl/curlbuild.h; sourceTree = "<group>"; };
		1A7561121B6DA82B00CBA288 /* curlrules.h */ = {isa = PBXFileReference; fileEncoding = 4; lastKnownFileType = sourcecode.c.h; name = curlrules.h; path = ../include/curl/curlrules.h; sourceTree = "<group>"; };
		1A7561131B6DA82B00CBA288 /* curlver.h */ = {isa = PBXFileReference; fileEncoding = 4; lastKnownFileType = sourcecode.c.h; name = curlver.h; path = ../include/curl/curlver.h; sourceTree = "<group>"; };
		1A7561141B6DA82B00CBA288 /* easy.h */ = {isa = PBXFileReference; fileEncoding = 4; lastKnownFileType = sourcecode.c.h; name = easy.h; path = ../include/curl/easy.h; sourceTree = "<group>"; };
		1A7561161B6DA82B00CBA288 /* mprintf.h */ = {isa = PBXFileReference; fileEncoding = 4; lastKnownFileType = sourcecode.c.h; name = mprintf.h; path = ../include/curl/mprintf.h; sourceTree = "<group>"; };
		1A7561171B6DA82B00CBA288 /* multi.h */ = {isa = PBXFileReference; fileEncoding = 4; lastKnownFileType = sourcecode.c.h; name = multi.h; path = ../include/curl/multi.h; sourceTree = "<group>"; };
		1A7561181B6DA82B00CBA288 /* stdcheaders.h */ = {isa = PBXFileReference; fileEncoding = 4; lastKnownFileType = sourcecode.c.h; name = stdcheaders.h; path = ../include/curl/stdcheaders.h; sourceTree = "<group>"; };
		1A7561191B6DA82B00CBA288 /* typecheck-gcc.h */ = {isa = PBXFileReference; fileEncoding = 4; lastKnownFileType = sourcecode.c.h; name = "typecheck-gcc.h"; path = "../include/curl/typecheck-gcc.h"; sourceTree = "<group>"; };
		1A7561241B6DA8F200CBA288 /* Info.plist */ = {isa = PBXFileReference; fileEncoding = 4; lastKnownFileType = text.plist.xml; path = Info.plist; sourceTree = "<group>"; };
		1AABD3391B6D8FFC00E237AA /* cURL.framework */ = {isa = PBXFileReference; explicitFileType = wrapper.framework; includeInIndex = 0; path = cURL.framework; sourceTree = BUILT_PRODUCTS_DIR; };
/* End PBXFileReference section */

/* Begin PBXFrameworksBuildPhase section */
		1AABD3351B6D8FFC00E237AA /* Frameworks */ = {
			isa = PBXFrameworksBuildPhase;
			buildActionMask = 2147483647;
			files = (
			);
			runOnlyForDeploymentPostprocessing = 0;
		};
/* End PBXFrameworksBuildPhase section */

/* Begin PBXGroup section */
		1A7560261B6DA44B00CBA288 /* Headers */ = {
			isa = PBXGroup;
			children = (
				1A7561101B6DA82B00CBA288 /* curl.h */,
				1A7561111B6DA82B00CBA288 /* curlbuild.h */,
				1A7561121B6DA82B00CBA288 /* curlrules.h */,
				1A7561131B6DA82B00CBA288 /* curlver.h */,
				1A7561141B6DA82B00CBA288 /* easy.h */,
				1A7561161B6DA82B00CBA288 /* mprintf.h */,
				1A7561171B6DA82B00CBA288 /* multi.h */,
				1A7561181B6DA82B00CBA288 /* stdcheaders.h */,
				1A7561191B6DA82B00CBA288 /* typecheck-gcc.h */,
				1A755F471B6DA43F00CBA288 /* amigaos.h */,
				1A755F481B6DA43F00CBA288 /* arpa_telnet.h */,
				1A755F491B6DA43F00CBA288 /* asyn.h */,
				1A755F4A1B6DA43F00CBA288 /* conncache.h */,
				1A755F4B1B6DA43F00CBA288 /* connect.h */,
				1A755F4C1B6DA43F00CBA288 /* content_encoding.h */,
				1A755F4D1B6DA43F00CBA288 /* cookie.h */,
				1A755F4E1B6DA43F00CBA288 /* curl_addrinfo.h */,
				1A755F4F1B6DA43F00CBA288 /* curl_base64.h */,
				1A755F501B6DA43F00CBA288 /* curl_config.h */,
				1A755F511B6DA43F00CBA288 /* curl_des.h */,
				1A755F521B6DA43F00CBA288 /* curl_endian.h */,
				1A755F531B6DA43F00CBA288 /* curl_fnmatch.h */,
				1A755F541B6DA43F00CBA288 /* curl_gethostname.h */,
				1A755F551B6DA43F00CBA288 /* curl_gssapi.h */,
				1A755F561B6DA43F00CBA288 /* curl_hmac.h */,
				1A755F571B6DA43F00CBA288 /* curl_ldap.h */,
				1A755F581B6DA43F00CBA288 /* curl_md4.h */,
				1A755F591B6DA43F00CBA288 /* curl_md5.h */,
				1A755F5A1B6DA43F00CBA288 /* curl_memory.h */,
				1A755F5B1B6DA43F00CBA288 /* curl_memrchr.h */,
				1A755F5C1B6DA43F00CBA288 /* curl_multibyte.h */,
				1A755F5D1B6DA43F00CBA288 /* curl_ntlm.h */,
				1A755F5E1B6DA43F00CBA288 /* curl_ntlm_core.h */,
				1A755F5F1B6DA43F00CBA288 /* curl_ntlm_msgs.h */,
				1A755F601B6DA43F00CBA288 /* curl_ntlm_wb.h */,
				1A755F611B6DA43F00CBA288 /* curl_printf.h */,
				1A755F621B6DA43F00CBA288 /* curl_rtmp.h */,
				1A755F631B6DA43F00CBA288 /* curl_sasl.h */,
				1A755F641B6DA43F00CBA288 /* curl_sec.h */,
				1A755F651B6DA43F00CBA288 /* curl_setup.h */,
				1A755F661B6DA43F00CBA288 /* curl_setup_once.h */,
				1A755F671B6DA43F00CBA288 /* curl_sspi.h */,
				1A755F681B6DA43F00CBA288 /* curl_threads.h */,
				1A755F691B6DA43F00CBA288 /* curlx.h */,
				1A755F6A1B6DA43F00CBA288 /* dict.h */,
				1A755F6B1B6DA43F00CBA288 /* dotdot.h */,
				1A755F6C1B6DA43F00CBA288 /* easyif.h */,
				1A755F6D1B6DA43F00CBA288 /* escape.h */,
				1A755F6E1B6DA43F00CBA288 /* file.h */,
				1A755F6F1B6DA43F00CBA288 /* fileinfo.h */,
				1A755F701B6DA43F00CBA288 /* formdata.h */,
				1A755F711B6DA43F00CBA288 /* ftp.h */,
				1A755F721B6DA43F00CBA288 /* ftplistparser.h */,
				1A755F731B6DA43F00CBA288 /* getinfo.h */,
				1A755F741B6DA43F00CBA288 /* gopher.h */,
				1A755F751B6DA43F00CBA288 /* hash.h */,
				1A755F761B6DA43F00CBA288 /* hostcheck.h */,
				1A755F771B6DA43F00CBA288 /* hostip.h */,
				1A755F781B6DA43F00CBA288 /* http.h */,
				1A755F791B6DA43F00CBA288 /* http2.h */,
				1A755F7A1B6DA43F00CBA288 /* http_chunks.h */,
				1A755F7B1B6DA43F00CBA288 /* http_digest.h */,
				1A755F7C1B6DA43F00CBA288 /* http_negotiate.h */,
				1A755F7D1B6DA43F00CBA288 /* http_proxy.h */,
				1A755F7E1B6DA43F00CBA288 /* if2ip.h */,
				1A755F7F1B6DA43F00CBA288 /* imap.h */,
				1A755F801B6DA43F00CBA288 /* inet_ntop.h */,
				1A755F811B6DA43F00CBA288 /* inet_pton.h */,
				1A755F821B6DA43F00CBA288 /* llist.h */,
				1A755F831B6DA43F00CBA288 /* memdebug.h */,
				1A755F841B6DA43F00CBA288 /* multihandle.h */,
				1A755F851B6DA43F00CBA288 /* multiif.h */,
				1A755F861B6DA43F00CBA288 /* netrc.h */,
				1A755F871B6DA43F00CBA288 /* non-ascii.h */,
				1A755F881B6DA43F00CBA288 /* nonblock.h */,
				1A755F891B6DA43F00CBA288 /* parsedate.h */,
				1A755F8A1B6DA43F00CBA288 /* pingpong.h */,
				1A755F8B1B6DA43F00CBA288 /* pipeline.h */,
				1A755F8C1B6DA43F00CBA288 /* pop3.h */,
				1A755F8D1B6DA43F00CBA288 /* progress.h */,
				1A755F8E1B6DA43F00CBA288 /* rawstr.h */,
				1A755F8F1B6DA43F00CBA288 /* rtsp.h */,
				1A755F901B6DA43F00CBA288 /* select.h */,
				1A755F911B6DA43F00CBA288 /* sendf.h */,
				1A755F921B6DA43F00CBA288 /* setup-vms.h */,
				1A755F931B6DA43F00CBA288 /* share.h */,
				1A755F941B6DA43F00CBA288 /* sigpipe.h */,
				1A755F951B6DA43F00CBA288 /* slist.h */,
				1A755F961B6DA43F00CBA288 /* smb.h */,
				1A755F971B6DA43F00CBA288 /* smtp.h */,
				1A755F981B6DA43F00CBA288 /* sockaddr.h */,
				1A755F991B6DA43F00CBA288 /* socks.h */,
				1A755F9A1B6DA43F00CBA288 /* speedcheck.h */,
				1A755F9B1B6DA43F00CBA288 /* splay.h */,
				1A755F9C1B6DA43F00CBA288 /* ssh.h */,
				1A755F9D1B6DA43F00CBA288 /* strdup.h */,
				1A755F9E1B6DA43F00CBA288 /* strequal.h */,
				1A755F9F1B6DA43F00CBA288 /* strerror.h */,
				1A755FA01B6DA43F00CBA288 /* strtok.h */,
				1A755FA11B6DA43F00CBA288 /* strtoofft.h */,
				1A755FA21B6DA43F00CBA288 /* telnet.h */,
				1A755FA31B6DA43F00CBA288 /* tftp.h */,
				1A755FA41B6DA43F00CBA288 /* timeval.h */,
				1A755FA51B6DA43F00CBA288 /* transfer.h */,
				1A755FA61B6DA43F00CBA288 /* url.h */,
				1A755FA71B6DA43F00CBA288 /* urldata.h */,
				1A755FA81B6DA43F00CBA288 /* axtls.h */,
				1A755FA91B6DA43F00CBA288 /* cyassl.h */,
				1A755FAA1B6DA43F00CBA288 /* darwinssl.h */,
				1A755FAB1B6DA43F00CBA288 /* gskit.h */,
				1A755FAC1B6DA43F00CBA288 /* gtls.h */,
				1A755FAD1B6DA43F00CBA288 /* nssg.h */,
				1A755FAE1B6DA43F00CBA288 /* openssl.h */,
				1A755FAF1B6DA43F00CBA288 /* polarssl.h */,
				1A755FB01B6DA43F00CBA288 /* polarssl_threadlock.h */,
				1A755FB11B6DA43F00CBA288 /* schannel.h */,
				1A755FB21B6DA43F00CBA288 /* vtls.h */,
				1A755FB31B6DA43F00CBA288 /* warnless.h */,
				1A755FB41B6DA43F00CBA288 /* wildcard.h */,
				1A755FB51B6DA43F00CBA288 /* x509asn1.h */,
			);
			name = Headers;
			sourceTree = SOURCE_ROOT;
		};
		1A7560271B6DA46F00CBA288 /* Source */ = {
			isa = PBXGroup;
			children = (
				1A7560281B6DA48C00CBA288 /* amigaos.c */,
				1A7560291B6DA48C00CBA288 /* asyn-ares.c */,
				1A75602A1B6DA48C00CBA288 /* asyn-thread.c */,
				1A75602B1B6DA48C00CBA288 /* base64.c */,
				1A75602C1B6DA48C00CBA288 /* conncache.c */,
				1A75602D1B6DA48C00CBA288 /* connect.c */,
				1A75602E1B6DA48C00CBA288 /* content_encoding.c */,
				1A75602F1B6DA48C00CBA288 /* cookie.c */,
				1A7560301B6DA48C00CBA288 /* curl_addrinfo.c */,
				1A7560311B6DA48C00CBA288 /* curl_des.c */,
				1A7560321B6DA48C00CBA288 /* curl_endian.c */,
				1A7560331B6DA48C00CBA288 /* curl_fnmatch.c */,
				1A7560341B6DA48C00CBA288 /* curl_gethostname.c */,
				1A7560351B6DA48C00CBA288 /* curl_gssapi.c */,
				1A7560361B6DA48C00CBA288 /* curl_memrchr.c */,
				1A7560371B6DA48C00CBA288 /* curl_multibyte.c */,
				1A7560381B6DA48C00CBA288 /* curl_ntlm.c */,
				1A7560391B6DA48C00CBA288 /* curl_ntlm_core.c */,
				1A75603A1B6DA48C00CBA288 /* curl_ntlm_msgs.c */,
				1A75603B1B6DA48C00CBA288 /* curl_ntlm_wb.c */,
				1A75603C1B6DA48C00CBA288 /* curl_rtmp.c */,
				1A75603D1B6DA48C00CBA288 /* curl_sasl.c */,
				1A75603E1B6DA48C00CBA288 /* curl_sasl_gssapi.c */,
				1A75603F1B6DA48C00CBA288 /* curl_sasl_sspi.c */,
				1A7560401B6DA48C00CBA288 /* curl_sspi.c */,
				1A7560411B6DA48C00CBA288 /* curl_threads.c */,
				1A7560421B6DA48C00CBA288 /* dict.c */,
				1A7560431B6DA48C00CBA288 /* dotdot.c */,
				1A7560441B6DA48C00CBA288 /* easy.c */,
				1A7560451B6DA48C00CBA288 /* escape.c */,
				1A7560461B6DA48C00CBA288 /* file.c */,
				1A7560471B6DA48C00CBA288 /* fileinfo.c */,
				1A7560481B6DA48C00CBA288 /* formdata.c */,
				1A7560491B6DA48C00CBA288 /* ftp.c */,
				1A75604A1B6DA48C00CBA288 /* ftplistparser.c */,
				1A75604B1B6DA48C00CBA288 /* getenv.c */,
				1A75604C1B6DA48C00CBA288 /* getinfo.c */,
				1A75604D1B6DA48C00CBA288 /* gopher.c */,
				1A75604E1B6DA48C00CBA288 /* hash.c */,
				1A75604F1B6DA48C00CBA288 /* hmac.c */,
				1A7560501B6DA48C00CBA288 /* hostasyn.c */,
				1A7560511B6DA48C00CBA288 /* hostcheck.c */,
				1A7560521B6DA48C00CBA288 /* hostip.c */,
				1A7560531B6DA48C00CBA288 /* hostip4.c */,
				1A7560541B6DA48C00CBA288 /* hostip6.c */,
				1A7560551B6DA48C00CBA288 /* hostsyn.c */,
				1A7560561B6DA48C00CBA288 /* http.c */,
				1A7560571B6DA48C00CBA288 /* http2.c */,
				1A7560581B6DA48C00CBA288 /* http_chunks.c */,
				1A7560591B6DA48C00CBA288 /* http_digest.c */,
				1A75605A1B6DA48C00CBA288 /* http_negotiate.c */,
				1A75605B1B6DA48C00CBA288 /* http_negotiate_sspi.c */,
				1A75605C1B6DA48C00CBA288 /* http_proxy.c */,
				1A75605D1B6DA48C00CBA288 /* idn_win32.c */,
				1A75605E1B6DA48C00CBA288 /* if2ip.c */,
				1A75605F1B6DA48C00CBA288 /* imap.c */,
				1A7560601B6DA48C00CBA288 /* inet_ntop.c */,
				1A7560611B6DA48C00CBA288 /* inet_pton.c */,
				1A7560621B6DA48C00CBA288 /* krb5.c */,
				1A7560631B6DA48C00CBA288 /* ldap.c */,
				1A7560641B6DA48C00CBA288 /* llist.c */,
				1A7560651B6DA48C00CBA288 /* md4.c */,
				1A7560661B6DA48C00CBA288 /* md5.c */,
				1A7560671B6DA48C00CBA288 /* memdebug.c */,
				1A7560681B6DA48C00CBA288 /* mprintf.c */,
				1A7560691B6DA48C00CBA288 /* multi.c */,
				1A75606A1B6DA48C00CBA288 /* netrc.c */,
				1A75606B1B6DA48C00CBA288 /* non-ascii.c */,
				1A75606C1B6DA48C00CBA288 /* nonblock.c */,
				1A75606D1B6DA48C00CBA288 /* openldap.c */,
				1A75606E1B6DA48C00CBA288 /* parsedate.c */,
				1A75606F1B6DA48C00CBA288 /* pingpong.c */,
				1A7560701B6DA48C00CBA288 /* pipeline.c */,
				1A7560711B6DA48C00CBA288 /* pop3.c */,
				1A7560721B6DA48C00CBA288 /* progress.c */,
				1A7560731B6DA48C00CBA288 /* rawstr.c */,
				1A7560741B6DA48C00CBA288 /* rtsp.c */,
				1A7560751B6DA48C00CBA288 /* security.c */,
				1A7560761B6DA48C00CBA288 /* select.c */,
				1A7560771B6DA48C00CBA288 /* sendf.c */,
				1A7560781B6DA48C00CBA288 /* share.c */,
				1A7560791B6DA48C00CBA288 /* slist.c */,
				1A75607A1B6DA48C00CBA288 /* smb.c */,
				1A75607B1B6DA48C00CBA288 /* smtp.c */,
				1A75607C1B6DA48C00CBA288 /* socks.c */,
				1A75607D1B6DA48C00CBA288 /* socks_gssapi.c */,
				1A75607E1B6DA48C00CBA288 /* socks_sspi.c */,
				1A75607F1B6DA48C00CBA288 /* speedcheck.c */,
				1A7560801B6DA48C00CBA288 /* splay.c */,
				1A7560811B6DA48C00CBA288 /* ssh.c */,
				1A7560821B6DA48C00CBA288 /* strdup.c */,
				1A7560831B6DA48C00CBA288 /* strequal.c */,
				1A7560841B6DA48C00CBA288 /* strerror.c */,
				1A7560851B6DA48C00CBA288 /* strtok.c */,
				1A7560861B6DA48C00CBA288 /* strtoofft.c */,
				1A7560871B6DA48C00CBA288 /* telnet.c */,
				1A7560881B6DA48C00CBA288 /* tftp.c */,
				1A7560891B6DA48C00CBA288 /* timeval.c */,
				1A75608A1B6DA48C00CBA288 /* transfer.c */,
				1A75608B1B6DA48C00CBA288 /* url.c */,
				1A75608C1B6DA48C00CBA288 /* version.c */,
				1A75608D1B6DA48C00CBA288 /* axtls.c */,
				1A75608E1B6DA48C00CBA288 /* cyassl.c */,
				1A75608F1B6DA48C00CBA288 /* darwinssl.c */,
				1A7560901B6DA48C00CBA288 /* gskit.c */,
				1A7560911B6DA48C00CBA288 /* gtls.c */,
				1A7560921B6DA48C00CBA288 /* nss.c */,
				1A7560931B6DA48C00CBA288 /* openssl.c */,
				1A7560941B6DA48C00CBA288 /* polarssl.c */,
				1A7560951B6DA48C00CBA288 /* polarssl_threadlock.c */,
				1A7560961B6DA48C00CBA288 /* schannel.c */,
				1A7560971B6DA48C00CBA288 /* vtls.c */,
				1A7560981B6DA48C00CBA288 /* warnless.c */,
				1A7560991B6DA48C00CBA288 /* wildcard.c */,
				1A75609A1B6DA48C00CBA288 /* x509asn1.c */,
			);
			name = Source;
			sourceTree = SOURCE_ROOT;
		};
		1AABD32F1B6D8FFC00E237AA = {
			isa = PBXGroup;
			children = (
				1A7561241B6DA8F200CBA288 /* Info.plist */,
				1A7560261B6DA44B00CBA288 /* Headers */,
				1A7560271B6DA46F00CBA288 /* Source */,
				1AABD33A1B6D8FFC00E237AA /* Products */,
			);
			sourceTree = "<group>";
		};
		1AABD33A1B6D8FFC00E237AA /* Products */ = {
			isa = PBXGroup;
			children = (
				1AABD3391B6D8FFC00E237AA /* cURL.framework */,
			);
			name = Products;
			sourceTree = "<group>";
		};
/* End PBXGroup section */

/* Begin PBXHeadersBuildPhase section */
		1AABD3361B6D8FFC00E237AA /* Headers */ = {
			isa = PBXHeadersBuildPhase;
			buildActionMask = 2147483647;
			files = (
				1A75600B1B6DA44200CBA288 /* splay.h in Headers */,
				1A7560031B6DA44100CBA288 /* share.h in Headers */,
				1A755FBD1B6DA43F00CBA288 /* cookie.h in Headers */,
				1A75600F1B6DA44200CBA288 /* strerror.h in Headers */,
				1A755FD81B6DA44000CBA288 /* curl_threads.h in Headers */,
				1A7560151B6DA44200CBA288 /* transfer.h in Headers */,
				1A755FDA1B6DA44000CBA288 /* dict.h in Headers */,
				1A755FED1B6DA44000CBA288 /* http_proxy.h in Headers */,
				1A755FFB1B6DA44100CBA288 /* pipeline.h in Headers */,
				1A7560191B6DA44200CBA288 /* cyassl.h in Headers */,
				1A755FCA1B6DA44000CBA288 /* curl_memory.h in Headers */,
				1A755FEB1B6DA44000CBA288 /* http_digest.h in Headers */,
				1A755FD91B6DA44000CBA288 /* curlx.h in Headers */,
				1A755FC11B6DA43F00CBA288 /* curl_des.h in Headers */,
				1A755FFF1B6DA44100CBA288 /* rtsp.h in Headers */,
				1A75601B1B6DA44200CBA288 /* gskit.h in Headers */,
				1A755FC61B6DA43F00CBA288 /* curl_hmac.h in Headers */,
				1A755FE41B6DA44000CBA288 /* gopher.h in Headers */,
				1A755FC71B6DA43F00CBA288 /* curl_ldap.h in Headers */,
				1A7560111B6DA44200CBA288 /* strtoofft.h in Headers */,
				1A755FC21B6DA43F00CBA288 /* curl_endian.h in Headers */,
				1A755FE01B6DA44000CBA288 /* formdata.h in Headers */,
				1A755FCE1B6DA44000CBA288 /* curl_ntlm_core.h in Headers */,
				1A755FF81B6DA44100CBA288 /* nonblock.h in Headers */,
				1A755FE61B6DA44000CBA288 /* hostcheck.h in Headers */,
				1A755FCF1B6DA44000CBA288 /* curl_ntlm_msgs.h in Headers */,
				1A755FE21B6DA44000CBA288 /* ftplistparser.h in Headers */,
				1A755FD51B6DA44000CBA288 /* curl_setup.h in Headers */,
				1A755FD71B6DA44000CBA288 /* curl_sspi.h in Headers */,
				1A7560001B6DA44100CBA288 /* select.h in Headers */,
				1A755FBE1B6DA43F00CBA288 /* curl_addrinfo.h in Headers */,
				1A7560131B6DA44200CBA288 /* tftp.h in Headers */,
				1A755FD31B6DA44000CBA288 /* curl_sasl.h in Headers */,
				1A75600C1B6DA44200CBA288 /* ssh.h in Headers */,
				1A75601E1B6DA44300CBA288 /* openssl.h in Headers */,
				1A7560081B6DA44100CBA288 /* sockaddr.h in Headers */,
				1A75601F1B6DA44300CBA288 /* polarssl.h in Headers */,
				1A7560241B6DA44300CBA288 /* wildcard.h in Headers */,
				1A755FDD1B6DA44000CBA288 /* escape.h in Headers */,
				1A7560021B6DA44100CBA288 /* setup-vms.h in Headers */,
				1A7560201B6DA44300CBA288 /* polarssl_threadlock.h in Headers */,
				1A75600E1B6DA44200CBA288 /* strequal.h in Headers */,
				1A755FB81B6DA43F00CBA288 /* arpa_telnet.h in Headers */,
				1A75601D1B6DA44300CBA288 /* nssg.h in Headers */,
				1A755FE81B6DA44000CBA288 /* http.h in Headers */,
				1A755FB71B6DA43F00CBA288 /* amigaos.h in Headers */,
				1A75601A1B6DA44200CBA288 /* darwinssl.h in Headers */,
				1A755FF51B6DA44100CBA288 /* multiif.h in Headers */,
				1A755FCD1B6DA44000CBA288 /* curl_ntlm.h in Headers */,
				1A755FBA1B6DA43F00CBA288 /* conncache.h in Headers */,
				1A755FBC1B6DA43F00CBA288 /* content_encoding.h in Headers */,
				1A755FFA1B6DA44100CBA288 /* pingpong.h in Headers */,
				1A755FEC1B6DA44000CBA288 /* http_negotiate.h in Headers */,
				1A755FD01B6DA44000CBA288 /* curl_ntlm_wb.h in Headers */,
				1A755FF41B6DA44100CBA288 /* multihandle.h in Headers */,
				1A755FBB1B6DA43F00CBA288 /* connect.h in Headers */,
				1A755FC91B6DA43F00CBA288 /* curl_md5.h in Headers */,
				1A755FC41B6DA43F00CBA288 /* curl_gethostname.h in Headers */,
				1A755FF71B6DA44100CBA288 /* non-ascii.h in Headers */,
				1A7560071B6DA44100CBA288 /* smtp.h in Headers */,
				1A7560051B6DA44100CBA288 /* slist.h in Headers */,
				1A755FF91B6DA44100CBA288 /* parsedate.h in Headers */,
				1A755FD11B6DA44000CBA288 /* curl_printf.h in Headers */,
				1A755FF21B6DA44100CBA288 /* llist.h in Headers */,
				1A75601C1B6DA44200CBA288 /* gtls.h in Headers */,
				1A755FDB1B6DA44000CBA288 /* dotdot.h in Headers */,
				1A755FDF1B6DA44000CBA288 /* fileinfo.h in Headers */,
				1A755FFC1B6DA44100CBA288 /* pop3.h in Headers */,
				1A755FE51B6DA44000CBA288 /* hash.h in Headers */,
				1A7560141B6DA44200CBA288 /* timeval.h in Headers */,
				1A755FE31B6DA44000CBA288 /* getinfo.h in Headers */,
				1A755FDC1B6DA44000CBA288 /* easyif.h in Headers */,
				1A755FF61B6DA44100CBA288 /* netrc.h in Headers */,
				1A7560101B6DA44200CBA288 /* strtok.h in Headers */,
				1A755FC01B6DA43F00CBA288 /* curl_config.h in Headers */,
				1A755FB91B6DA43F00CBA288 /* asyn.h in Headers */,
				1A755FE11B6DA44000CBA288 /* ftp.h in Headers */,
				1A7560181B6DA44200CBA288 /* axtls.h in Headers */,
				1A755FFD1B6DA44100CBA288 /* progress.h in Headers */,
				1A7560161B6DA44200CBA288 /* url.h in Headers */,
				1A755FEF1B6DA44000CBA288 /* imap.h in Headers */,
				1A75600D1B6DA44200CBA288 /* strdup.h in Headers */,
				1A755FCB1B6DA44000CBA288 /* curl_memrchr.h in Headers */,
				1A755FDE1B6DA44000CBA288 /* file.h in Headers */,
				1A755FFE1B6DA44100CBA288 /* rawstr.h in Headers */,
				1A755FEE1B6DA44000CBA288 /* if2ip.h in Headers */,
				1A7560041B6DA44100CBA288 /* sigpipe.h in Headers */,
				1A7560011B6DA44100CBA288 /* sendf.h in Headers */,
				1A7560251B6DA44300CBA288 /* x509asn1.h in Headers */,
				1A755FEA1B6DA44000CBA288 /* http_chunks.h in Headers */,
				1A755FE71B6DA44000CBA288 /* hostip.h in Headers */,
				1A755FF11B6DA44100CBA288 /* inet_pton.h in Headers */,
				1A7560121B6DA44200CBA288 /* telnet.h in Headers */,
				1A755FC31B6DA43F00CBA288 /* curl_fnmatch.h in Headers */,
				1A7560091B6DA44100CBA288 /* socks.h in Headers */,
				1A755FBF1B6DA43F00CBA288 /* curl_base64.h in Headers */,
				1A755FD61B6DA44000CBA288 /* curl_setup_once.h in Headers */,
				1A7560221B6DA44300CBA288 /* vtls.h in Headers */,
				1A7560061B6DA44100CBA288 /* smb.h in Headers */,
				1A7560171B6DA44200CBA288 /* urldata.h in Headers */,
				1A755FD21B6DA44000CBA288 /* curl_rtmp.h in Headers */,
				1A755FC81B6DA43F00CBA288 /* curl_md4.h in Headers */,
				1A75611E1B6DA82B00CBA288 /* easy.h in Headers */,
				1A7561231B6DA82B00CBA288 /* typecheck-gcc.h in Headers */,
				1A7561221B6DA82B00CBA288 /* stdcheaders.h in Headers */,
				1A7561211B6DA82B00CBA288 /* multi.h in Headers */,
				1A75611A1B6DA82B00CBA288 /* curl.h in Headers */,
				1A75611C1B6DA82B00CBA288 /* curlrules.h in Headers */,
				1A75611D1B6DA82B00CBA288 /* curlver.h in Headers */,
				1A7561201B6DA82B00CBA288 /* mprintf.h in Headers */,
				1A75611B1B6DA82B00CBA288 /* curlbuild.h in Headers */,
				1A755FF31B6DA44100CBA288 /* memdebug.h in Headers */,
				1A755FC51B6DA43F00CBA288 /* curl_gssapi.h in Headers */,
				1A7560231B6DA44300CBA288 /* warnless.h in Headers */,
				1A755FD41B6DA44000CBA288 /* curl_sec.h in Headers */,
				1A755FCC1B6DA44000CBA288 /* curl_multibyte.h in Headers */,
				1A7560211B6DA44300CBA288 /* schannel.h in Headers */,
				1A755FF01B6DA44000CBA288 /* inet_ntop.h in Headers */,
				1A75600A1B6DA44200CBA288 /* speedcheck.h in Headers */,
				1A755FE91B6DA44000CBA288 /* http2.h in Headers */,
			);
			runOnlyForDeploymentPostprocessing = 0;
		};
/* End PBXHeadersBuildPhase section */

/* Begin PBXNativeTarget section */
		1AABD3381B6D8FFC00E237AA /* libcurl OS X */ = {
			isa = PBXNativeTarget;
			buildConfigurationList = 1AABD3411B6D8FFC00E237AA /* Build configuration list for PBXNativeTarget "libcurl OS X" */;
			buildPhases = (
				1AABD3341B6D8FFC00E237AA /* Sources */,
				1AABD3351B6D8FFC00E237AA /* Frameworks */,
				1AABD3361B6D8FFC00E237AA /* Headers */,
				1AABD3371B6D8FFC00E237AA /* Resources */,
			);
			buildRules = (
			);
			dependencies = (
			);
			name = "libcurl OS X";
			productName = cURL;
			productReference = 1AABD3391B6D8FFC00E237AA /* cURL.framework */;
			productType = "com.apple.product-type.framework";
		};
/* End PBXNativeTarget section */

/* Begin PBXProject section */
		1AABD3301B6D8FFC00E237AA /* Project object */ = {
			isa = PBXProject;
			attributes = {
				LastUpgradeCheck = 0700;
				ORGANIZATIONNAME = cURL;
				TargetAttributes = {
					1AABD3381B6D8FFC00E237AA = {
						CreatedOnToolsVersion = 7.0;
					};
				};
			};
			buildConfigurationList = 1AABD3331B6D8FFC00E237AA /* Build configuration list for PBXProject "libcurl" */;
			compatibilityVersion = "Xcode 3.2";
			developmentRegion = English;
			hasScannedForEncodings = 0;
			knownRegions = (
				en,
			);
			mainGroup = 1AABD32F1B6D8FFC00E237AA;
			productRefGroup = 1AABD33A1B6D8FFC00E237AA /* Products */;
			projectDirPath = "";
			projectRoot = "";
			targets = (
				1AABD3381B6D8FFC00E237AA /* libcurl OS X */,
			);
		};
/* End PBXProject section */

/* Begin PBXResourcesBuildPhase section */
		1AABD3371B6D8FFC00E237AA /* Resources */ = {
			isa = PBXResourcesBuildPhase;
			buildActionMask = 2147483647;
			files = (
				1A7561251B6DA8F200CBA288 /* Info.plist in Resources */,
			);
			runOnlyForDeploymentPostprocessing = 0;
		};
/* End PBXResourcesBuildPhase section */

/* Begin PBXSourcesBuildPhase section */
		1AABD3341B6D8FFC00E237AA /* Sources */ = {
			isa = PBXSourcesBuildPhase;
			buildActionMask = 2147483647;
			files = (
			);
			runOnlyForDeploymentPostprocessing = 0;
		};
/* End PBXSourcesBuildPhase section */

/* Begin XCBuildConfiguration section */
		1AABD33F1B6D8FFC00E237AA /* Debug */ = {
			isa = XCBuildConfiguration;
			buildSettings = {
				ALWAYS_SEARCH_USER_PATHS = NO;
				CLANG_CXX_LANGUAGE_STANDARD = "gnu++0x";
				CLANG_CXX_LIBRARY = "libc++";
				CLANG_ENABLE_MODULES = YES;
				CLANG_ENABLE_OBJC_ARC = YES;
				CLANG_WARN_BOOL_CONVERSION = YES;
				CLANG_WARN_CONSTANT_CONVERSION = YES;
				CLANG_WARN_DIRECT_OBJC_ISA_USAGE = YES_ERROR;
				CLANG_WARN_EMPTY_BODY = YES;
				CLANG_WARN_ENUM_CONVERSION = YES;
				CLANG_WARN_INT_CONVERSION = YES;
				CLANG_WARN_OBJC_ROOT_CLASS = YES_ERROR;
				CLANG_WARN_UNREACHABLE_CODE = YES;
				CLANG_WARN__DUPLICATE_METHOD_MATCH = YES;
				COPY_PHASE_STRIP = NO;
				CURRENT_PROJECT_VERSION = 1;
				DEBUG_INFORMATION_FORMAT = dwarf;
				ENABLE_STRICT_OBJC_MSGSEND = YES;
				ENABLE_TESTABILITY = YES;
				GCC_C_LANGUAGE_STANDARD = gnu99;
				GCC_DYNAMIC_NO_PIC = NO;
				GCC_NO_COMMON_BLOCKS = YES;
				GCC_OPTIMIZATION_LEVEL = 0;
				GCC_PREPROCESSOR_DEFINITIONS = (
					"DEBUG=1",
					"$(inherited)",
				);
				GCC_WARN_64_TO_32_BIT_CONVERSION = YES;
				GCC_WARN_ABOUT_RETURN_TYPE = YES_ERROR;
				GCC_WARN_UNDECLARED_SELECTOR = YES;
				GCC_WARN_UNINITIALIZED_AUTOS = YES_AGGRESSIVE;
				GCC_WARN_UNUSED_FUNCTION = YES;
				GCC_WARN_UNUSED_VARIABLE = YES;
				MACOSX_DEPLOYMENT_TARGET = 10.7;
				MTL_ENABLE_DEBUG_INFO = YES;
				ONLY_ACTIVE_ARCH = YES;
				SDKROOT = macosx;
				VERSIONING_SYSTEM = "apple-generic";
				VERSION_INFO_PREFIX = "";
			};
			name = Debug;
		};
		1AABD3401B6D8FFC00E237AA /* Release */ = {
			isa = XCBuildConfiguration;
			buildSettings = {
				ALWAYS_SEARCH_USER_PATHS = NO;
				CLANG_CXX_LANGUAGE_STANDARD = "gnu++0x";
				CLANG_CXX_LIBRARY = "libc++";
				CLANG_ENABLE_MODULES = YES;
				CLANG_ENABLE_OBJC_ARC = YES;
				CLANG_WARN_BOOL_CONVERSION = YES;
				CLANG_WARN_CONSTANT_CONVERSION = YES;
				CLANG_WARN_DIRECT_OBJC_ISA_USAGE = YES_ERROR;
				CLANG_WARN_EMPTY_BODY = YES;
				CLANG_WARN_ENUM_CONVERSION = YES;
				CLANG_WARN_INT_CONVERSION = YES;
				CLANG_WARN_OBJC_ROOT_CLASS = YES_ERROR;
				CLANG_WARN_UNREACHABLE_CODE = YES;
				CLANG_WARN__DUPLICATE_METHOD_MATCH = YES;
				COPY_PHASE_STRIP = NO;
				CURRENT_PROJECT_VERSION = 1;
				DEBUG_INFORMATION_FORMAT = "dwarf-with-dsym";
				ENABLE_NS_ASSERTIONS = NO;
				ENABLE_STRICT_OBJC_MSGSEND = YES;
				GCC_C_LANGUAGE_STANDARD = gnu99;
				GCC_NO_COMMON_BLOCKS = YES;
				GCC_WARN_64_TO_32_BIT_CONVERSION = YES;
				GCC_WARN_ABOUT_RETURN_TYPE = YES_ERROR;
				GCC_WARN_UNDECLARED_SELECTOR = YES;
				GCC_WARN_UNINITIALIZED_AUTOS = YES_AGGRESSIVE;
				GCC_WARN_UNUSED_FUNCTION = YES;
				GCC_WARN_UNUSED_VARIABLE = YES;
				MACOSX_DEPLOYMENT_TARGET = 10.7;
				MTL_ENABLE_DEBUG_INFO = NO;
				SDKROOT = macosx;
				VERSIONING_SYSTEM = "apple-generic";
				VERSION_INFO_PREFIX = "";
			};
			name = Release;
		};
		1AABD3421B6D8FFC00E237AA /* Debug */ = {
			isa = XCBuildConfiguration;
			buildSettings = {
				COMBINE_HIDPI_IMAGES = YES;
				DEFINES_MODULE = YES;
				DYLIB_COMPATIBILITY_VERSION = 1;
				DYLIB_CURRENT_VERSION = 1;
				DYLIB_INSTALL_NAME_BASE = "@rpath";
				FRAMEWORK_VERSION = A;
				INFOPLIST_FILE = info.plist;
				INSTALL_PATH = "$(LOCAL_LIBRARY_DIR)/Frameworks";
				LD_RUNPATH_SEARCH_PATHS = "$(inherited) @executable_path/../Frameworks @loader_path/Frameworks";
				PRODUCT_BUNDLE_IDENTIFIER = se.haxx.cURL;
				PRODUCT_NAME = cURL;
				SKIP_INSTALL = YES;
			};
			name = Debug;
		};
		1AABD3431B6D8FFC00E237AA /* Release */ = {
			isa = XCBuildConfiguration;
			buildSettings = {
				COMBINE_HIDPI_IMAGES = YES;
				DEFINES_MODULE = YES;
				DYLIB_COMPATIBILITY_VERSION = 1;
				DYLIB_CURRENT_VERSION = 1;
				DYLIB_INSTALL_NAME_BASE = "@rpath";
				FRAMEWORK_VERSION = A;
				INFOPLIST_FILE = info.plist;
				INSTALL_PATH = "$(LOCAL_LIBRARY_DIR)/Frameworks";
				LD_RUNPATH_SEARCH_PATHS = "$(inherited) @executable_path/../Frameworks @loader_path/Frameworks";
				PRODUCT_BUNDLE_IDENTIFIER = se.haxx.cURL;
				PRODUCT_NAME = cURL;
				SKIP_INSTALL = YES;
			};
			name = Release;
		};
/* End XCBuildConfiguration section */

/* Begin XCConfigurationList section */
		1AABD3331B6D8FFC00E237AA /* Build configuration list for PBXProject "libcurl" */ = {
			isa = XCConfigurationList;
			buildConfigurations = (
				1AABD33F1B6D8FFC00E237AA /* Debug */,
				1AABD3401B6D8FFC00E237AA /* Release */,
			);
			defaultConfigurationIsVisible = 0;
			defaultConfigurationName = Release;
		};
		1AABD3411B6D8FFC00E237AA /* Build configuration list for PBXNativeTarget "libcurl OS X" */ = {
			isa = XCConfigurationList;
			buildConfigurations = (
				1AABD3421B6D8FFC00E237AA /* Debug */,
				1AABD3431B6D8FFC00E237AA /* Release */,
			);
			defaultConfigurationIsVisible = 0;
			defaultConfigurationName = Release;
		};
/* End XCConfigurationList section */
	};
	rootObject = 1AABD3301B6D8FFC00E237AA /* Project object */;
}
